// !$*UTF8*$!
{
	archiveVersion = 1;
	classes = {
	};
	objectVersion = 46;
	objects = {

/* Begin PBXBuildFile section */
		85AFE1351BA263DB00988851 /* main.m in Sources */ = {isa = PBXBuildFile; fileRef = 85AFE1341BA263DB00988851 /* main.m */; };
		85AFE1381BA263DB00988851 /* AppDelegate.m in Sources */ = {isa = PBXBuildFile; fileRef = 85AFE1371BA263DB00988851 /* AppDelegate.m */; };
		85AFE13B1BA263DB00988851 /* ViewController.m in Sources */ = {isa = PBXBuildFile; fileRef = 85AFE13A1BA263DB00988851 /* ViewController.m */; };
		85AFE13E1BA263DB00988851 /* Main.storyboard in Resources */ = {isa = PBXBuildFile; fileRef = 85AFE13C1BA263DB00988851 /* Main.storyboard */; };
		85AFE1401BA263DB00988851 /* Images.xcassets in Resources */ = {isa = PBXBuildFile; fileRef = 85AFE13F1BA263DB00988851 /* Images.xcassets */; };
		85AFE1431BA263DB00988851 /* LaunchScreen.xib in Resources */ = {isa = PBXBuildFile; fileRef = 85AFE1411BA263DB00988851 /* LaunchScreen.xib */; };
		85AFE14F1BA263DB00988851 /* ____Tests.m in Sources */ = {isa = PBXBuildFile; fileRef = 85AFE14E1BA263DB00988851 /* ____Tests.m */; };
/* End PBXBuildFile section */

/* Begin PBXContainerItemProxy section */
		85AFE1491BA263DB00988851 /* PBXContainerItemProxy */ = {
			isa = PBXContainerItemProxy;
			containerPortal = 85AFE1271BA263DB00988851 /* Project object */;
			proxyType = 1;
			remoteGlobalIDString = 85AFE12E1BA263DB00988851;
			remoteInfo = "新闻速递";
		};
/* End PBXContainerItemProxy section */

/* Begin PBXFileReference section */
		85AFE12F1BA263DB00988851 /* 新闻速递.app */ = {isa = PBXFileReference; explicitFileType = wrapper.application; includeInIndex = 0; path = "新闻速递.app"; sourceTree = BUILT_PRODUCTS_DIR; };
		85AFE1331BA263DB00988851 /* Info.plist */ = {isa = PBXFileReference; lastKnownFileType = text.plist.xml; path = Info.plist; sourceTree = "<group>"; };
		85AFE1341BA263DB00988851 /* main.m */ = {isa = PBXFileReference; lastKnownFileType = sourcecode.c.objc; path = main.m; sourceTree = "<group>"; };
		85AFE1361BA263DB00988851 /* AppDelegate.h */ = {isa = PBXFileReference; lastKnownFileType = sourcecode.c.h; path = AppDelegate.h; sourceTree = "<group>"; };
		85AFE1371BA263DB00988851 /* AppDelegate.m */ = {isa = PBXFileReference; lastKnownFileType = sourcecode.c.objc; path = AppDelegate.m; sourceTree = "<group>"; };
		85AFE1391BA263DB00988851 /* ViewController.h */ = {isa = PBXFileReference; lastKnownFileType = sourcecode.c.h; path = ViewController.h; sourceTree = "<group>"; };
		85AFE13A1BA263DB00988851 /* ViewController.m */ = {isa = PBXFileReference; lastKnownFileType = sourcecode.c.objc; path = ViewController.m; sourceTree = "<group>"; };
		85AFE13D1BA263DB00988851 /* Base */ = {isa = PBXFileReference; lastKnownFileType = file.storyboard; name = Base; path = Base.lproj/Main.storyboard; sourceTree = "<group>"; };
		85AFE13F1BA263DB00988851 /* Images.xcassets */ = {isa = PBXFileReference; lastKnownFileType = folder.assetcatalog; path = Images.xcassets; sourceTree = "<group>"; };
		85AFE1421BA263DB00988851 /* Base */ = {isa = PBXFileReference; lastKnownFileType = file.xib; name = Base; path = Base.lproj/LaunchScreen.xib; sourceTree = "<group>"; };
		85AFE1481BA263DB00988851 /* 新闻速递Tests.xctest */ = {isa = PBXFileReference; explicitFileType = wrapper.cfbundle; includeInIndex = 0; path = "新闻速递Tests.xctest"; sourceTree = BUILT_PRODUCTS_DIR; };
		85AFE14D1BA263DB00988851 /* Info.plist */ = {isa = PBXFileReference; lastKnownFileType = text.plist.xml; path = Info.plist; sourceTree = "<group>"; };
		85AFE14E1BA263DB00988851 /* ____Tests.m */ = {isa = PBXFileReference; lastKnownFileType = sourcecode.c.objc; path = "____Tests.m"; sourceTree = "<group>"; };
/* End PBXFileReference section */

/* Begin PBXFrameworksBuildPhase section */
		85AFE12C1BA263DB00988851 /* Frameworks */ = {
			isa = PBXFrameworksBuildPhase;
			buildActionMask = 2147483647;
			files = (
			);
			runOnlyForDeploymentPostprocessing = 0;
		};
		85AFE1451BA263DB00988851 /* Frameworks */ = {
			isa = PBXFrameworksBuildPhase;
			buildActionMask = 2147483647;
			files = (
			);
			runOnlyForDeploymentPostprocessing = 0;
		};
/* End PBXFrameworksBuildPhase section */

/* Begin PBXGroup section */
		85AFE1261BA263DB00988851 = {
			isa = PBXGroup;
			children = (
				85AFE1311BA263DB00988851 /* 新闻速递 */,
				85AFE14B1BA263DB00988851 /* 新闻速递Tests */,
				85AFE1301BA263DB00988851 /* Products */,
			);
			sourceTree = "<group>";
		};
		85AFE1301BA263DB00988851 /* Products */ = {
			isa = PBXGroup;
			children = (
				85AFE12F1BA263DB00988851 /* 新闻速递.app */,
				85AFE1481BA263DB00988851 /* 新闻速递Tests.xctest */,
			);
			name = Products;
			sourceTree = "<group>";
		};
		85AFE1311BA263DB00988851 /* 新闻速递 */ = {
			isa = PBXGroup;
			children = (
				85AFE1361BA263DB00988851 /* AppDelegate.h */,
				85AFE1371BA263DB00988851 /* AppDelegate.m */,
				85AFE1391BA263DB00988851 /* ViewController.h */,
				85AFE13A1BA263DB00988851 /* ViewController.m */,
				85AFE13C1BA263DB00988851 /* Main.storyboard */,
				85AFE13F1BA263DB00988851 /* Images.xcassets */,
				85AFE1411BA263DB00988851 /* LaunchScreen.xib */,
				85AFE1321BA263DB00988851 /* Supporting Files */,
			);
			path = "新闻速递";
			sourceTree = "<group>";
		};
		85AFE1321BA263DB00988851 /* Supporting Files */ = {
			isa = PBXGroup;
			children = (
				85AFE1331BA263DB00988851 /* Info.plist */,
				85AFE1341BA263DB00988851 /* main.m */,
			);
			name = "Supporting Files";
			sourceTree = "<group>";
		};
		85AFE14B1BA263DB00988851 /* 新闻速递Tests */ = {
			isa = PBXGroup;
			children = (
				85AFE14E1BA263DB00988851 /* ____Tests.m */,
				85AFE14C1BA263DB00988851 /* Supporting Files */,
			);
			path = "新闻速递Tests";
			sourceTree = "<group>";
		};
		85AFE14C1BA263DB00988851 /* Supporting Files */ = {
			isa = PBXGroup;
			children = (
				85AFE14D1BA263DB00988851 /* Info.plist */,
			);
			name = "Supporting Files";
			sourceTree = "<group>";
		};
/* End PBXGroup section */

/* Begin PBXNativeTarget section */
		85AFE12E1BA263DB00988851 /* 新闻速递 */ = {
			isa = PBXNativeTarget;
			buildConfigurationList = 85AFE1521BA263DB00988851 /* Build configuration list for PBXNativeTarget "新闻速递" */;
			buildPhases = (
				85AFE12B1BA263DB00988851 /* Sources */,
				85AFE12C1BA263DB00988851 /* Frameworks */,
				85AFE12D1BA263DB00988851 /* Resources */,
			);
			buildRules = (
			);
			dependencies = (
			);
			name = "新闻速递";
			productName = "新闻速递";
			productReference = 85AFE12F1BA263DB00988851 /* 新闻速递.app */;
			productType = "com.apple.product-type.application";
		};
		85AFE1471BA263DB00988851 /* 新闻速递Tests */ = {
			isa = PBXNativeTarget;
			buildConfigurationList = 85AFE1551BA263DB00988851 /* Build configuration list for PBXNativeTarget "新闻速递Tests" */;
			buildPhases = (
				85AFE1441BA263DB00988851 /* Sources */,
				85AFE1451BA263DB00988851 /* Frameworks */,
				85AFE1461BA263DB00988851 /* Resources */,
			);
			buildRules = (
			);
			dependencies = (
				85AFE14A1BA263DB00988851 /* PBXTargetDependency */,
			);
			name = "新闻速递Tests";
			productName = "新闻速递Tests";
			productReference = 85AFE1481BA263DB00988851 /* 新闻速递Tests.xctest */;
			productType = "com.apple.product-type.bundle.unit-test";
		};
/* End PBXNativeTarget section */

/* Begin PBXProject section */
		85AFE1271BA263DB00988851 /* Project object */ = {
			isa = PBXProject;
			attributes = {
				LastUpgradeCheck = 0630;
				ORGANIZATIONNAME = tarena;
				TargetAttributes = {
					85AFE12E1BA263DB00988851 = {
						CreatedOnToolsVersion = 6.3;
					};
					85AFE1471BA263DB00988851 = {
						CreatedOnToolsVersion = 6.3;
						TestTargetID = 85AFE12E1BA263DB00988851;
					};
				};
			};
			buildConfigurationList = 85AFE12A1BA263DB00988851 /* Build configuration list for PBXProject "新闻速递" */;
			compatibilityVersion = "Xcode 3.2";
			developmentRegion = English;
			hasScannedForEncodings = 0;
			knownRegions = (
				en,
				Base,
			);
			mainGroup = 85AFE1261BA263DB00988851;
			productRefGroup = 85AFE1301BA263DB00988851 /* Products */;
			projectDirPath = "";
			projectRoot = "";
			targets = (
				85AFE12E1BA263DB00988851 /* 新闻速递 */,
				85AFE1471BA263DB00988851 /* 新闻速递Tests */,
			);
		};
/* End PBXProject section */

/* Begin PBXResourcesBuildPhase section */
		85AFE12D1BA263DB00988851 /* Resources */ = {
			isa = PBXResourcesBuildPhase;
			buildActionMask = 2147483647;
			files = (
				85AFE13E1BA263DB00988851 /* Main.storyboard in Resources */,
				85AFE1431BA263DB00988851 /* LaunchScreen.xib in Resources */,
				85AFE1401BA263DB00988851 /* Images.xcassets in Resources */,
			);
			runOnlyForDeploymentPostprocessing = 0;
		};
		85AFE1461BA263DB00988851 /* Resources */ = {
			isa = PBXResourcesBuildPhase;
			buildActionMask = 2147483647;
			files = (
			);
			runOnlyForDeploymentPostprocessing = 0;
		};
/* End PBXResourcesBuildPhase section */

/* Begin PBXSourcesBuildPhase section */
		85AFE12B1BA263DB00988851 /* Sources */ = {
			isa = PBXSourcesBuildPhase;
			buildActionMask = 2147483647;
			files = (
				85AFE13B1BA263DB00988851 /* ViewController.m in Sources */,
				85AFE1381BA263DB00988851 /* AppDelegate.m in Sources */,
				85AFE1351BA263DB00988851 /* main.m in Sources */,
			);
			runOnlyForDeploymentPostprocessing = 0;
		};
		85AFE1441BA263DB00988851 /* Sources */ = {
			isa = PBXSourcesBuildPhase;
			buildActionMask = 2147483647;
			files = (
				85AFE14F1BA263DB00988851 /* ____Tests.m in Sources */,
			);
			runOnlyForDeploymentPostprocessing = 0;
		};
/* End PBXSourcesBuildPhase section */

/* Begin PBXTargetDependency section */
		85AFE14A1BA263DB00988851 /* PBXTargetDependency */ = {
			isa = PBXTargetDependency;
			target = 85AFE12E1BA263DB00988851 /* 新闻速递 */;
			targetProxy = 85AFE1491BA263DB00988851 /* PBXContainerItemProxy */;
		};
/* End PBXTargetDependency section */

/* Begin PBXVariantGroup section */
		85AFE13C1BA263DB00988851 /* Main.storyboard */ = {
			isa = PBXVariantGroup;
			children = (
				85AFE13D1BA263DB00988851 /* Base */,
			);
			name = Main.storyboard;
			sourceTree = "<group>";
		};
		85AFE1411BA263DB00988851 /* LaunchScreen.xib */ = {
			isa = PBXVariantGroup;
			children = (
				85AFE1421BA263DB00988851 /* Base */,
			);
			name = LaunchScreen.xib;
			sourceTree = "<group>";
		};
/* End PBXVariantGroup section */

/* Begin XCBuildConfiguration section */
		85AFE1501BA263DB00988851 /* Debug */ = {
			isa = XCBuildConfiguration;
			buildSettings = {
				ALWAYS_SEARCH_USER_PATHS = NO;
				CLANG_CXX_LANGUAGE_STANDARD = "gnu++0x";
				CLANG_CXX_LIBRARY = "libc++";
				CLANG_ENABLE_MODULES = YES;
				CLANG_ENABLE_OBJC_ARC = YES;
				CLANG_WARN_BOOL_CONVERSION = YES;
				CLANG_WARN_CONSTANT_CONVERSION = YES;
				CLANG_WARN_DIRECT_OBJC_ISA_USAGE = YES_ERROR;
				CLANG_WARN_EMPTY_BODY = YES;
				CLANG_WARN_ENUM_CONVERSION = YES;
				CLANG_WARN_INT_CONVERSION = YES;
				CLANG_WARN_OBJC_ROOT_CLASS = YES_ERROR;
				CLANG_WARN_UNREACHABLE_CODE = YES;
				CLANG_WARN__DUPLICATE_METHOD_MATCH = YES;
				"CODE_SIGN_IDENTITY[sdk=iphoneos*]" = "iPhone Developer";
				COPY_PHASE_STRIP = NO;
				DEBUG_INFORMATION_FORMAT = "dwarf-with-dsym";
				ENABLE_STRICT_OBJC_MSGSEND = YES;
				GCC_C_LANGUAGE_STANDARD = gnu99;
				GCC_DYNAMIC_NO_PIC = NO;
				GCC_NO_COMMON_BLOCKS = YES;
				GCC_OPTIMIZATION_LEVEL = 0;
				GCC_PREPROCESSOR_DEFINITIONS = (
					"DEBUG=1",
					"$(inherited)",
				);
				GCC_SYMBOLS_PRIVATE_EXTERN = NO;
				GCC_WARN_64_TO_32_BIT_CONVERSION = YES;
				GCC_WARN_ABOUT_RETURN_TYPE = YES_ERROR;
				GCC_WARN_UNDECLARED_SELECTOR = YES;
				GCC_WARN_UNINITIALIZED_AUTOS = YES_AGGRESSIVE;
				GCC_WARN_UNUSED_FUNCTION = YES;
				GCC_WARN_UNUSED_VARIABLE = YES;
				IPHONEOS_DEPLOYMENT_TARGET = 8.3;
				MTL_ENABLE_DEBUG_INFO = YES;
				ONLY_ACTIVE_ARCH = YES;
				SDKROOT = iphoneos;
			};
			name = Debug;
		};
		85AFE1511BA263DB00988851 /* Release */ = {
			isa = XCBuildConfiguration;
			buildSettings = {
				ALWAYS_SEARCH_USER_PATHS = NO;
				CLANG_CXX_LANGUAGE_STANDARD = "gnu++0x";
				CLANG_CXX_LIBRARY = "libc++";
				CLANG_ENABLE_MODULES = YES;
				CLANG_ENABLE_OBJC_ARC = YES;
				CLANG_WARN_BOOL_CONVERSION = YES;
				CLANG_WARN_CONSTANT_CONVERSION = YES;
				CLANG_WARN_DIRECT_OBJC_ISA_USAGE = YES_ERROR;
				CLANG_WARN_EMPTY_BODY = YES;
				CLANG_WARN_ENUM_CONVERSION = YES;
				CLANG_WARN_INT_CONVERSION = YES;
				CLANG_WARN_OBJC_ROOT_CLASS = YES_ERROR;
				CLANG_WARN_UNREACHABLE_CODE = YES;
				CLANG_WARN__DUPLICATE_METHOD_MATCH = YES;
				"CODE_SIGN_IDENTITY[sdk=iphoneos*]" = "iPhone Developer";
				COPY_PHASE_STRIP = NO;
				DEBUG_INFORMATION_FORMAT = "dwarf-with-dsym";
				ENABLE_NS_ASSERTIONS = NO;
				ENABLE_STRICT_OBJC_MSGSEND = YES;
				GCC_C_LANGUAGE_STANDARD = gnu99;
				GCC_NO_COMMON_BLOCKS = YES;
				GCC_WARN_64_TO_32_BIT_CONVERSION = YES;
				GCC_WARN_ABOUT_RETURN_TYPE = YES_ERROR;
				GCC_WARN_UNDECLARED_SELECTOR = YES;
				GCC_WARN_UNINITIALIZED_AUTOS = YES_AGGRESSIVE;
				GCC_WARN_UNUSED_FUNCTION = YES;
				GCC_WARN_UNUSED_VARIABLE = YES;
				IPHONEOS_DEPLOYMENT_TARGET = 8.3;
				MTL_ENABLE_DEBUG_INFO = NO;
				SDKROOT = iphoneos;
				VALIDATE_PRODUCT = YES;
			};
			name = Release;
		};
		85AFE1531BA263DB00988851 /* Debug */ = {
			isa = XCBuildConfiguration;
			buildSettings = {
				ASSETCATALOG_COMPILER_APPICON_NAME = AppIcon;
				INFOPLIST_FILE = "新闻速递/Info.plist";
				LD_RUNPATH_SEARCH_PATHS = "$(inherited) @executable_path/Frameworks";
				PRODUCT_NAME = "$(TARGET_NAME)";
			};
			name = Debug;
		};
		85AFE1541BA263DB00988851 /* Release */ = {
			isa = XCBuildConfiguration;
			buildSettings = {
				ASSETCATALOG_COMPILER_APPICON_NAME = AppIcon;
				INFOPLIST_FILE = "新闻速递/Info.plist";
				LD_RUNPATH_SEARCH_PATHS = "$(inherited) @executable_path/Frameworks";
				PRODUCT_NAME = "$(TARGET_NAME)";
			};
			name = Release;
		};
		85AFE1561BA263DB00988851 /* Debug */ = {
			isa = XCBuildConfiguration;
			buildSettings = {
				BUNDLE_LOADER = "$(TEST_HOST)";
				FRAMEWORK_SEARCH_PATHS = (
					"$(SDKROOT)/Developer/Library/Frameworks",
					"$(inherited)",
				);
				GCC_PREPROCESSOR_DEFINITIONS = (
					"DEBUG=1",
					"$(inherited)",
				);
				INFOPLIST_FILE = "新闻速递Tests/Info.plist";
				LD_RUNPATH_SEARCH_PATHS = "$(inherited) @executable_path/Frameworks @loader_path/Frameworks";
				PRODUCT_NAME = "$(TARGET_NAME)";
				TEST_HOST = "$(BUILT_PRODUCTS_DIR)/新闻速递.app/新闻速递";
			};
			name = Debug;
		};
		85AFE1571BA263DB00988851 /* Release */ = {
			isa = XCBuildConfiguration;
			buildSettings = {
				BUNDLE_LOADER = "$(TEST_HOST)";
				FRAMEWORK_SEARCH_PATHS = (
					"$(SDKROOT)/Developer/Library/Frameworks",
					"$(inherited)",
				);
				INFOPLIST_FILE = "新闻速递Tests/Info.plist";
				LD_RUNPATH_SEARCH_PATHS = "$(inherited) @executable_path/Frameworks @loader_path/Frameworks";
				PRODUCT_NAME = "$(TARGET_NAME)";
				TEST_HOST = "$(BUILT_PRODUCTS_DIR)/新闻速递.app/新闻速递";
			};
			name = Release;
		};
/* End XCBuildConfiguration section */

/* Begin XCConfigurationList section */
		85AFE12A1BA263DB00988851 /* Build configuration list for PBXProject "新闻速递" */ = {
			isa = XCConfigurationList;
			buildConfigurations = (
				85AFE1501BA263DB00988851 /* Debug */,
				85AFE1511BA263DB00988851 /* Release */,
			);
			defaultConfigurationIsVisible = 0;
			defaultConfigurationName = Release;
		};
		85AFE1521BA263DB00988851 /* Build configuration list for PBXNativeTarget "新闻速递" */ = {
			isa = XCConfigurationList;
			buildConfigurations = (
				85AFE1531BA263DB00988851 /* Debug */,
				85AFE1541BA263DB00988851 /* Release */,
			);
			defaultConfigurationIsVisible = 0;
		};
		85AFE1551BA263DB00988851 /* Build configuration list for PBXNativeTarget "新闻速递Tests" */ = {
			isa = XCConfigurationList;
			buildConfigurations = (
				85AFE1561BA263DB00988851 /* Debug */,
				85AFE1571BA263DB00988851 /* Release */,
			);
			defaultConfigurationIsVisible = 0;
		};
/* End XCConfigurationList section */
	};
	rootObject = 85AFE1271BA263DB00988851 /* Project object */;
}
