// !$*UTF8*$!
{
	archiveVersion = 1;
	classes = {
	};
	objectVersion = 46;
	objects = {

/* Begin PBXBuildFile section */
		8557F8021BA543F400898945 /* SDAnimationView.m in Sources */ = {isa = PBXBuildFile; fileRef = 8557F8011BA543F400898945 /* SDAnimationView.m */; };
		8557F80A1BA5573500898945 /* SDWeatherDetailVC.m in Sources */ = {isa = PBXBuildFile; fileRef = 8557F8081BA5573500898945 /* SDWeatherDetailVC.m */; };
		8557F80B1BA5573500898945 /* SDWeatherDetailVC.xib in Resources */ = {isa = PBXBuildFile; fileRef = 8557F8091BA5573500898945 /* SDWeatherDetailVC.xib */; };
		8557F8141BA5745300898945 /* SDLeftViewController.m in Sources */ = {isa = PBXBuildFile; fileRef = 8557F8131BA5745300898945 /* SDLeftViewController.m */; };
		855EE7731BA658C600BC5556 /* MMDrawerBarButtonItem.m in Sources */ = {isa = PBXBuildFile; fileRef = 855EE76B1BA658C600BC5556 /* MMDrawerBarButtonItem.m */; };
		855EE7741BA658C600BC5556 /* MMDrawerController.m in Sources */ = {isa = PBXBuildFile; fileRef = 855EE76E1BA658C600BC5556 /* MMDrawerController.m */; };
		855EE7751BA658C600BC5556 /* MMDrawerVisualState.m in Sources */ = {isa = PBXBuildFile; fileRef = 855EE7701BA658C600BC5556 /* MMDrawerVisualState.m */; };
		855EE7761BA658C600BC5556 /* UIViewController+MMDrawerController.m in Sources */ = {isa = PBXBuildFile; fileRef = 855EE7721BA658C600BC5556 /* UIViewController+MMDrawerController.m */; };
		857550501BA528A000CA04B5 /* SDWeatherBgM.m in Sources */ = {isa = PBXBuildFile; fileRef = 8575504B1BA528A000CA04B5 /* SDWeatherBgM.m */; };
		857550511BA528A000CA04B5 /* SDWeatherDetailM.m in Sources */ = {isa = PBXBuildFile; fileRef = 8575504D1BA528A000CA04B5 /* SDWeatherDetailM.m */; };
		857550521BA528A000CA04B5 /* SDWeatherModel.m in Sources */ = {isa = PBXBuildFile; fileRef = 8575504F1BA528A000CA04B5 /* SDWeatherModel.m */; };
		857550561BA5326600CA04B5 /* SDWeatherView.m in Sources */ = {isa = PBXBuildFile; fileRef = 857550541BA5326600CA04B5 /* SDWeatherView.m */; };
		857550571BA5326600CA04B5 /* SDWeatherView.xib in Resources */ = {isa = PBXBuildFile; fileRef = 857550551BA5326600CA04B5 /* SDWeatherView.xib */; };
		8575505B1BA532BE00CA04B5 /* SDWeatherItemView.m in Sources */ = {isa = PBXBuildFile; fileRef = 857550591BA532BE00CA04B5 /* SDWeatherItemView.m */; };
		8575505C1BA532BE00CA04B5 /* SDWeatherItemView.xib in Resources */ = {isa = PBXBuildFile; fileRef = 8575505A1BA532BE00CA04B5 /* SDWeatherItemView.xib */; };
		858A10AA1BA3D13700F1D017 /* SDNewsTableViewController.m in Sources */ = {isa = PBXBuildFile; fileRef = 858A10A21BA3D13700F1D017 /* SDNewsTableViewController.m */; };
		858A10AB1BA3D13700F1D017 /* SDNewsModel.m in Sources */ = {isa = PBXBuildFile; fileRef = 858A10A51BA3D13700F1D017 /* SDNewsModel.m */; };
		858A10AD1BA3D13700F1D017 /* SDNewsCell.m in Sources */ = {isa = PBXBuildFile; fileRef = 858A10A91BA3D13700F1D017 /* SDNewsCell.m */; };
		858A10B51BA3D19C00F1D017 /* SDNews.storyboard in Resources */ = {isa = PBXBuildFile; fileRef = 858A10B41BA3D19C00F1D017 /* SDNews.storyboard */; };
		858A10B81BA3D1F100F1D017 /* SDDetailViewController.m in Sources */ = {isa = PBXBuildFile; fileRef = 858A10B71BA3D1F100F1D017 /* SDDetailViewController.m */; };
		858A10BB1BA3D5E200F1D017 /* SDDetailModel.m in Sources */ = {isa = PBXBuildFile; fileRef = 858A10BA1BA3D5E200F1D017 /* SDDetailModel.m */; };
		858A10BE1BA3D68700F1D017 /* SDDetailImgModel.m in Sources */ = {isa = PBXBuildFile; fileRef = 858A10BD1BA3D68700F1D017 /* SDDetailImgModel.m */; };
		858A10C11BA3DABC00F1D017 /* SDHTTPManager.m in Sources */ = {isa = PBXBuildFile; fileRef = 858A10C01BA3DABC00F1D017 /* SDHTTPManager.m */; };
		858A10C81BA3E19F00F1D017 /* SDReplyModel.m in Sources */ = {isa = PBXBuildFile; fileRef = 858A10C71BA3E19F00F1D017 /* SDReplyModel.m */; };
		858A10CB1BA3F42300F1D017 /* SDReplyViewController.m in Sources */ = {isa = PBXBuildFile; fileRef = 858A10CA1BA3F42300F1D017 /* SDReplyViewController.m */; };
		858A10CE1BA3F46500F1D017 /* SDReplyCell.m in Sources */ = {isa = PBXBuildFile; fileRef = 858A10CD1BA3F46500F1D017 /* SDReplyCell.m */; };
		858A10D21BA4126800F1D017 /* SDReplyHeader.m in Sources */ = {isa = PBXBuildFile; fileRef = 858A10D01BA4126800F1D017 /* SDReplyHeader.m */; };
		858A10D31BA4126800F1D017 /* SDReplyHeader.xib in Resources */ = {isa = PBXBuildFile; fileRef = 858A10D11BA4126800F1D017 /* SDReplyHeader.xib */; };
		858A10DA1BA4148600F1D017 /* SDPhotoSetController.m in Sources */ = {isa = PBXBuildFile; fileRef = 858A10D91BA4148600F1D017 /* SDPhotoSetController.m */; };
		858A10DF1BA4214B00F1D017 /* SDPhotosDetail.m in Sources */ = {isa = PBXBuildFile; fileRef = 858A10DC1BA4214B00F1D017 /* SDPhotosDetail.m */; };
		858A10E01BA4214B00F1D017 /* SDPhotoSet.m in Sources */ = {isa = PBXBuildFile; fileRef = 858A10DE1BA4214B00F1D017 /* SDPhotoSet.m */; };
		85AFE1401BA263DB00988851 /* Images.xcassets in Resources */ = {isa = PBXBuildFile; fileRef = 85AFE13F1BA263DB00988851 /* Images.xcassets */; };
		85AFE1431BA263DB00988851 /* LaunchScreen.xib in Resources */ = {isa = PBXBuildFile; fileRef = 85AFE1411BA263DB00988851 /* LaunchScreen.xib */; };
		85AFE14F1BA263DB00988851 /* ____Tests.m in Sources */ = {isa = PBXBuildFile; fileRef = 85AFE14E1BA263DB00988851 /* ____Tests.m */; };
		85AFE1671BA265A200988851 /* AppDelegate.m in Sources */ = {isa = PBXBuildFile; fileRef = 85AFE1651BA265A200988851 /* AppDelegate.m */; };
		85AFE1681BA265A200988851 /* main.m in Sources */ = {isa = PBXBuildFile; fileRef = 85AFE1661BA265A200988851 /* main.m */; };
		85AFE16E1BA266A900988851 /* SDNavigationController.m in Sources */ = {isa = PBXBuildFile; fileRef = 85AFE16D1BA266A900988851 /* SDNavigationController.m */; };
		85AFE1711BA267CE00988851 /* SDMainViewController.m in Sources */ = {isa = PBXBuildFile; fileRef = 85AFE1701BA267CE00988851 /* SDMainViewController.m */; };
		85AFE1771BA2698000988851 /* UIView+Extension.m in Sources */ = {isa = PBXBuildFile; fileRef = 85AFE1751BA2698000988851 /* UIView+Extension.m */; };
		85AFE17A1BA2699500988851 /* NSArray+Log.m in Sources */ = {isa = PBXBuildFile; fileRef = 85AFE1791BA2699500988851 /* NSArray+Log.m */; };
		85AFE17C1BA26AC600988851 /* NewsURLs.plist in Resources */ = {isa = PBXBuildFile; fileRef = 85AFE17B1BA26AC600988851 /* NewsURLs.plist */; };
		85AFE17F1BA26EE200988851 /* SDTitleLabel.m in Sources */ = {isa = PBXBuildFile; fileRef = 85AFE17E1BA26EE200988851 /* SDTitleLabel.m */; };
		85AFE1821BA26FAB00988851 /* SDCount.m in Sources */ = {isa = PBXBuildFile; fileRef = 85AFE1811BA26FAB00988851 /* SDCount.m */; };
		85E1E5371BA2C340005BEF7B /* AFHTTPRequestOperation.m in Sources */ = {isa = PBXBuildFile; fileRef = 85E1E4DD1BA2C340005BEF7B /* AFHTTPRequestOperation.m */; };
		85E1E5381BA2C340005BEF7B /* AFHTTPRequestOperationManager.m in Sources */ = {isa = PBXBuildFile; fileRef = 85E1E4DF1BA2C340005BEF7B /* AFHTTPRequestOperationManager.m */; };
		85E1E5391BA2C340005BEF7B /* AFHTTPSessionManager.m in Sources */ = {isa = PBXBuildFile; fileRef = 85E1E4E11BA2C340005BEF7B /* AFHTTPSessionManager.m */; };
		85E1E53A1BA2C340005BEF7B /* AFNetworkReachabilityManager.m in Sources */ = {isa = PBXBuildFile; fileRef = 85E1E4E41BA2C340005BEF7B /* AFNetworkReachabilityManager.m */; };
		85E1E53B1BA2C340005BEF7B /* AFSecurityPolicy.m in Sources */ = {isa = PBXBuildFile; fileRef = 85E1E4E61BA2C340005BEF7B /* AFSecurityPolicy.m */; };
		85E1E53C1BA2C340005BEF7B /* AFURLConnectionOperation.m in Sources */ = {isa = PBXBuildFile; fileRef = 85E1E4E81BA2C340005BEF7B /* AFURLConnectionOperation.m */; };
		85E1E53D1BA2C340005BEF7B /* AFURLRequestSerialization.m in Sources */ = {isa = PBXBuildFile; fileRef = 85E1E4EA1BA2C340005BEF7B /* AFURLRequestSerialization.m */; };
		85E1E53E1BA2C340005BEF7B /* AFURLResponseSerialization.m in Sources */ = {isa = PBXBuildFile; fileRef = 85E1E4EC1BA2C340005BEF7B /* AFURLResponseSerialization.m */; };
		85E1E53F1BA2C340005BEF7B /* AFURLSessionManager.m in Sources */ = {isa = PBXBuildFile; fileRef = 85E1E4EE1BA2C340005BEF7B /* AFURLSessionManager.m */; };
		85E1E5401BA2C340005BEF7B /* UINavigationController+FDFullscreenPopGesture.m in Sources */ = {isa = PBXBuildFile; fileRef = 85E1E4F11BA2C340005BEF7B /* UINavigationController+FDFullscreenPopGesture.m */; };
		85E1E5411BA2C340005BEF7B /* MJExtensionConst.m in Sources */ = {isa = PBXBuildFile; fileRef = 85E1E4F51BA2C340005BEF7B /* MJExtensionConst.m */; };
		85E1E5421BA2C340005BEF7B /* MJFoundation.m in Sources */ = {isa = PBXBuildFile; fileRef = 85E1E4F71BA2C340005BEF7B /* MJFoundation.m */; };
		85E1E5431BA2C340005BEF7B /* MJProperty.m in Sources */ = {isa = PBXBuildFile; fileRef = 85E1E4F91BA2C340005BEF7B /* MJProperty.m */; };
		85E1E5441BA2C340005BEF7B /* MJType.m in Sources */ = {isa = PBXBuildFile; fileRef = 85E1E4FB1BA2C340005BEF7B /* MJType.m */; };
		85E1E5451BA2C340005BEF7B /* NSObject+MJCoding.m in Sources */ = {isa = PBXBuildFile; fileRef = 85E1E4FD1BA2C340005BEF7B /* NSObject+MJCoding.m */; };
		85E1E5461BA2C340005BEF7B /* NSObject+MJKeyValue.m in Sources */ = {isa = PBXBuildFile; fileRef = 85E1E4FF1BA2C340005BEF7B /* NSObject+MJKeyValue.m */; };
		85E1E5471BA2C340005BEF7B /* NSObject+MJProperty.m in Sources */ = {isa = PBXBuildFile; fileRef = 85E1E5011BA2C340005BEF7B /* NSObject+MJProperty.m */; };
		85E1E5481BA2C340005BEF7B /* NSString+MJExtension.m in Sources */ = {isa = PBXBuildFile; fileRef = 85E1E5031BA2C340005BEF7B /* NSString+MJExtension.m */; };
		85E1E5491BA2C340005BEF7B /* MJRefresh.bundle in Resources */ = {isa = PBXBuildFile; fileRef = 85E1E5051BA2C340005BEF7B /* MJRefresh.bundle */; };
		85E1E54A1BA2C340005BEF7B /* MJRefreshBaseView.m in Sources */ = {isa = PBXBuildFile; fileRef = 85E1E5081BA2C340005BEF7B /* MJRefreshBaseView.m */; };
		85E1E54B1BA2C340005BEF7B /* MJRefreshConst.m in Sources */ = {isa = PBXBuildFile; fileRef = 85E1E50A1BA2C340005BEF7B /* MJRefreshConst.m */; };
		85E1E54C1BA2C340005BEF7B /* MJRefreshFooterView.m in Sources */ = {isa = PBXBuildFile; fileRef = 85E1E50C1BA2C340005BEF7B /* MJRefreshFooterView.m */; };
		85E1E54D1BA2C340005BEF7B /* MJRefreshHeaderView.m in Sources */ = {isa = PBXBuildFile; fileRef = 85E1E50E1BA2C340005BEF7B /* MJRefreshHeaderView.m */; };
		85E1E54E1BA2C340005BEF7B /* UIScrollView+MJExtension.m in Sources */ = {isa = PBXBuildFile; fileRef = 85E1E5101BA2C340005BEF7B /* UIScrollView+MJExtension.m */; };
		85E1E54F1BA2C340005BEF7B /* UIScrollView+MJRefresh.m in Sources */ = {isa = PBXBuildFile; fileRef = 85E1E5121BA2C340005BEF7B /* UIScrollView+MJRefresh.m */; };
		85E1E5501BA2C340005BEF7B /* UIView+MJExtension.m in Sources */ = {isa = PBXBuildFile; fileRef = 85E1E5141BA2C340005BEF7B /* UIView+MJExtension.m */; };
		85E1E5511BA2C340005BEF7B /* MKAnnotationView+WebCache.m in Sources */ = {isa = PBXBuildFile; fileRef = 85E1E5171BA2C340005BEF7B /* MKAnnotationView+WebCache.m */; };
		85E1E5521BA2C340005BEF7B /* NSData+ImageContentType.m in Sources */ = {isa = PBXBuildFile; fileRef = 85E1E5191BA2C340005BEF7B /* NSData+ImageContentType.m */; };
		85E1E5531BA2C340005BEF7B /* SDImageCache.m in Sources */ = {isa = PBXBuildFile; fileRef = 85E1E51B1BA2C340005BEF7B /* SDImageCache.m */; };
		85E1E5541BA2C340005BEF7B /* SDWebImageCompat.m in Sources */ = {isa = PBXBuildFile; fileRef = 85E1E51D1BA2C340005BEF7B /* SDWebImageCompat.m */; };
		85E1E5551BA2C340005BEF7B /* SDWebImageDecoder.m in Sources */ = {isa = PBXBuildFile; fileRef = 85E1E51F1BA2C340005BEF7B /* SDWebImageDecoder.m */; };
		85E1E5561BA2C340005BEF7B /* SDWebImageDownloader.m in Sources */ = {isa = PBXBuildFile; fileRef = 85E1E5211BA2C340005BEF7B /* SDWebImageDownloader.m */; };
		85E1E5571BA2C340005BEF7B /* SDWebImageDownloaderOperation.m in Sources */ = {isa = PBXBuildFile; fileRef = 85E1E5231BA2C340005BEF7B /* SDWebImageDownloaderOperation.m */; };
		85E1E5581BA2C340005BEF7B /* SDWebImageManager.m in Sources */ = {isa = PBXBuildFile; fileRef = 85E1E5251BA2C340005BEF7B /* SDWebImageManager.m */; };
		85E1E5591BA2C340005BEF7B /* SDWebImagePrefetcher.m in Sources */ = {isa = PBXBuildFile; fileRef = 85E1E5281BA2C340005BEF7B /* SDWebImagePrefetcher.m */; };
		85E1E55A1BA2C340005BEF7B /* UIButton+WebCache.m in Sources */ = {isa = PBXBuildFile; fileRef = 85E1E52A1BA2C340005BEF7B /* UIButton+WebCache.m */; };
		85E1E55B1BA2C340005BEF7B /* UIImage+GIF.m in Sources */ = {isa = PBXBuildFile; fileRef = 85E1E52C1BA2C340005BEF7B /* UIImage+GIF.m */; };
		85E1E55C1BA2C340005BEF7B /* UIImage+MultiFormat.m in Sources */ = {isa = PBXBuildFile; fileRef = 85E1E52E1BA2C340005BEF7B /* UIImage+MultiFormat.m */; };
		85E1E55D1BA2C340005BEF7B /* UIImage+WebP.m in Sources */ = {isa = PBXBuildFile; fileRef = 85E1E5301BA2C340005BEF7B /* UIImage+WebP.m */; };
		85E1E55E1BA2C340005BEF7B /* UIImageView+HighlightedWebCache.m in Sources */ = {isa = PBXBuildFile; fileRef = 85E1E5321BA2C340005BEF7B /* UIImageView+HighlightedWebCache.m */; };
		85E1E55F1BA2C340005BEF7B /* UIImageView+WebCache.m in Sources */ = {isa = PBXBuildFile; fileRef = 85E1E5341BA2C340005BEF7B /* UIImageView+WebCache.m */; };
		85E1E5601BA2C340005BEF7B /* UIView+WebCacheOperation.m in Sources */ = {isa = PBXBuildFile; fileRef = 85E1E5361BA2C340005BEF7B /* UIView+WebCacheOperation.m */; };
		85E1E5631BA2C752005BEF7B /* SDNetWorkTool.m in Sources */ = {isa = PBXBuildFile; fileRef = 85E1E5621BA2C752005BEF7B /* SDNetWorkTool.m */; };
		85E1E56D1BA2F247005BEF7B /* MBProgressHUD+MJ.m in Sources */ = {isa = PBXBuildFile; fileRef = 85E1E5691BA2F247005BEF7B /* MBProgressHUD+MJ.m */; };
		85E1E56E1BA2F247005BEF7B /* MBProgressHUD.bundle in Resources */ = {isa = PBXBuildFile; fileRef = 85E1E56A1BA2F247005BEF7B /* MBProgressHUD.bundle */; };
		85E1E56F1BA2F247005BEF7B /* MBProgressHUD.m in Sources */ = {isa = PBXBuildFile; fileRef = 85E1E56C1BA2F247005BEF7B /* MBProgressHUD.m */; };
		85E1E58D1BA30BA1005BEF7B /* Info.plist in Resources */ = {isa = PBXBuildFile; fileRef = 85E1E5731BA30BA1005BEF7B /* Info.plist */; };
		85E1E58E1BA30BA1005BEF7B /* MASCompositeConstraint.m in Sources */ = {isa = PBXBuildFile; fileRef = 85E1E5751BA30BA1005BEF7B /* MASCompositeConstraint.m */; };
		85E1E58F1BA30BA1005BEF7B /* MASConstraint.m in Sources */ = {isa = PBXBuildFile; fileRef = 85E1E5781BA30BA1005BEF7B /* MASConstraint.m */; };
		85E1E5901BA30BA1005BEF7B /* MASConstraintMaker.m in Sources */ = {isa = PBXBuildFile; fileRef = 85E1E57A1BA30BA1005BEF7B /* MASConstraintMaker.m */; };
		85E1E5911BA30BA1005BEF7B /* MASLayoutConstraint.m in Sources */ = {isa = PBXBuildFile; fileRef = 85E1E57C1BA30BA1005BEF7B /* MASLayoutConstraint.m */; };
		85E1E5921BA30BA1005BEF7B /* MASViewAttribute.m in Sources */ = {isa = PBXBuildFile; fileRef = 85E1E5801BA30BA1005BEF7B /* MASViewAttribute.m */; };
		85E1E5931BA30BA1005BEF7B /* MASViewConstraint.m in Sources */ = {isa = PBXBuildFile; fileRef = 85E1E5821BA30BA1005BEF7B /* MASViewConstraint.m */; };
		85E1E5941BA30BA1005BEF7B /* NSArray+MASAdditions.m in Sources */ = {isa = PBXBuildFile; fileRef = 85E1E5841BA30BA1005BEF7B /* NSArray+MASAdditions.m */; };
		85E1E5951BA30BA1005BEF7B /* NSLayoutConstraint+MASDebugAdditions.m in Sources */ = {isa = PBXBuildFile; fileRef = 85E1E5871BA30BA1005BEF7B /* NSLayoutConstraint+MASDebugAdditions.m */; };
		85E1E5961BA30BA1005BEF7B /* View+MASAdditions.m in Sources */ = {isa = PBXBuildFile; fileRef = 85E1E5891BA30BA1005BEF7B /* View+MASAdditions.m */; };
		85E1E5971BA30BA1005BEF7B /* ViewController+MASAdditions.m in Sources */ = {isa = PBXBuildFile; fileRef = 85E1E58C1BA30BA1005BEF7B /* ViewController+MASAdditions.m */; };
/* End PBXBuildFile section */

/* Begin PBXContainerItemProxy section */
		85AFE1491BA263DB00988851 /* PBXContainerItemProxy */ = {
			isa = PBXContainerItemProxy;
			containerPortal = 85AFE1271BA263DB00988851 /* Project object */;
			proxyType = 1;
			remoteGlobalIDString = 85AFE12E1BA263DB00988851;
			remoteInfo = "新闻速递";
		};
/* End PBXContainerItemProxy section */

/* Begin PBXFileReference section */
		8557F8001BA543F400898945 /* SDAnimationView.h */ = {isa = PBXFileReference; fileEncoding = 4; lastKnownFileType = sourcecode.c.h; path = SDAnimationView.h; sourceTree = "<group>"; };
		8557F8011BA543F400898945 /* SDAnimationView.m */ = {isa = PBXFileReference; fileEncoding = 4; lastKnownFileType = sourcecode.c.objc; path = SDAnimationView.m; sourceTree = "<group>"; };
		8557F8071BA5573500898945 /* SDWeatherDetailVC.h */ = {isa = PBXFileReference; fileEncoding = 4; lastKnownFileType = sourcecode.c.h; path = SDWeatherDetailVC.h; sourceTree = "<group>"; };
		8557F8081BA5573500898945 /* SDWeatherDetailVC.m */ = {isa = PBXFileReference; fileEncoding = 4; lastKnownFileType = sourcecode.c.objc; path = SDWeatherDetailVC.m; sourceTree = "<group>"; };
		8557F8091BA5573500898945 /* SDWeatherDetailVC.xib */ = {isa = PBXFileReference; fileEncoding = 4; lastKnownFileType = file.xib; path = SDWeatherDetailVC.xib; sourceTree = "<group>"; };
		8557F8121BA5745300898945 /* SDLeftViewController.h */ = {isa = PBXFileReference; fileEncoding = 4; lastKnownFileType = sourcecode.c.h; path = SDLeftViewController.h; sourceTree = "<group>"; };
		8557F8131BA5745300898945 /* SDLeftViewController.m */ = {isa = PBXFileReference; fileEncoding = 4; lastKnownFileType = sourcecode.c.objc; path = SDLeftViewController.m; sourceTree = "<group>"; };
		855EE76A1BA658C600BC5556 /* MMDrawerBarButtonItem.h */ = {isa = PBXFileReference; fileEncoding = 4; lastKnownFileType = sourcecode.c.h; path = MMDrawerBarButtonItem.h; sourceTree = "<group>"; };
		855EE76B1BA658C600BC5556 /* MMDrawerBarButtonItem.m */ = {isa = PBXFileReference; fileEncoding = 4; lastKnownFileType = sourcecode.c.objc; path = MMDrawerBarButtonItem.m; sourceTree = "<group>"; };
		855EE76C1BA658C600BC5556 /* MMDrawerController+Subclass.h */ = {isa = PBXFileReference; fileEncoding = 4; lastKnownFileType = sourcecode.c.h; path = "MMDrawerController+Subclass.h"; sourceTree = "<group>"; };
		855EE76D1BA658C600BC5556 /* MMDrawerController.h */ = {isa = PBXFileReference; fileEncoding = 4; lastKnownFileType = sourcecode.c.h; path = MMDrawerController.h; sourceTree = "<group>"; };
		855EE76E1BA658C600BC5556 /* MMDrawerController.m */ = {isa = PBXFileReference; fileEncoding = 4; lastKnownFileType = sourcecode.c.objc; path = MMDrawerController.m; sourceTree = "<group>"; };
		855EE76F1BA658C600BC5556 /* MMDrawerVisualState.h */ = {isa = PBXFileReference; fileEncoding = 4; lastKnownFileType = sourcecode.c.h; path = MMDrawerVisualState.h; sourceTree = "<group>"; };
		855EE7701BA658C600BC5556 /* MMDrawerVisualState.m */ = {isa = PBXFileReference; fileEncoding = 4; lastKnownFileType = sourcecode.c.objc; path = MMDrawerVisualState.m; sourceTree = "<group>"; };
		855EE7711BA658C600BC5556 /* UIViewController+MMDrawerController.h */ = {isa = PBXFileReference; fileEncoding = 4; lastKnownFileType = sourcecode.c.h; path = "UIViewController+MMDrawerController.h"; sourceTree = "<group>"; };
		855EE7721BA658C600BC5556 /* UIViewController+MMDrawerController.m */ = {isa = PBXFileReference; fileEncoding = 4; lastKnownFileType = sourcecode.c.objc; path = "UIViewController+MMDrawerController.m"; sourceTree = "<group>"; };
		8575504A1BA528A000CA04B5 /* SDWeatherBgM.h */ = {isa = PBXFileReference; fileEncoding = 4; lastKnownFileType = sourcecode.c.h; path = SDWeatherBgM.h; sourceTree = "<group>"; };
		8575504B1BA528A000CA04B5 /* SDWeatherBgM.m */ = {isa = PBXFileReference; fileEncoding = 4; lastKnownFileType = sourcecode.c.objc; path = SDWeatherBgM.m; sourceTree = "<group>"; };
		8575504C1BA528A000CA04B5 /* SDWeatherDetailM.h */ = {isa = PBXFileReference; fileEncoding = 4; lastKnownFileType = sourcecode.c.h; path = SDWeatherDetailM.h; sourceTree = "<group>"; };
		8575504D1BA528A000CA04B5 /* SDWeatherDetailM.m */ = {isa = PBXFileReference; fileEncoding = 4; lastKnownFileType = sourcecode.c.objc; path = SDWeatherDetailM.m; sourceTree = "<group>"; };
		8575504E1BA528A000CA04B5 /* SDWeatherModel.h */ = {isa = PBXFileReference; fileEncoding = 4; lastKnownFileType = sourcecode.c.h; path = SDWeatherModel.h; sourceTree = "<group>"; };
		8575504F1BA528A000CA04B5 /* SDWeatherModel.m */ = {isa = PBXFileReference; fileEncoding = 4; lastKnownFileType = sourcecode.c.objc; path = SDWeatherModel.m; sourceTree = "<group>"; };
		857550531BA5326600CA04B5 /* SDWeatherView.h */ = {isa = PBXFileReference; fileEncoding = 4; lastKnownFileType = sourcecode.c.h; path = SDWeatherView.h; sourceTree = "<group>"; };
		857550541BA5326600CA04B5 /* SDWeatherView.m */ = {isa = PBXFileReference; fileEncoding = 4; lastKnownFileType = sourcecode.c.objc; path = SDWeatherView.m; sourceTree = "<group>"; };
		857550551BA5326600CA04B5 /* SDWeatherView.xib */ = {isa = PBXFileReference; fileEncoding = 4; lastKnownFileType = file.xib; path = SDWeatherView.xib; sourceTree = "<group>"; };
		857550581BA532BE00CA04B5 /* SDWeatherItemView.h */ = {isa = PBXFileReference; fileEncoding = 4; lastKnownFileType = sourcecode.c.h; path = SDWeatherItemView.h; sourceTree = "<group>"; };
		857550591BA532BE00CA04B5 /* SDWeatherItemView.m */ = {isa = PBXFileReference; fileEncoding = 4; lastKnownFileType = sourcecode.c.objc; path = SDWeatherItemView.m; sourceTree = "<group>"; };
		8575505A1BA532BE00CA04B5 /* SDWeatherItemView.xib */ = {isa = PBXFileReference; fileEncoding = 4; lastKnownFileType = file.xib; path = SDWeatherItemView.xib; sourceTree = "<group>"; };
		858A10A11BA3D13700F1D017 /* SDNewsTableViewController.h */ = {isa = PBXFileReference; fileEncoding = 4; lastKnownFileType = sourcecode.c.h; path = SDNewsTableViewController.h; sourceTree = "<group>"; };
		858A10A21BA3D13700F1D017 /* SDNewsTableViewController.m */ = {isa = PBXFileReference; fileEncoding = 4; lastKnownFileType = sourcecode.c.objc; path = SDNewsTableViewController.m; sourceTree = "<group>"; };
		858A10A41BA3D13700F1D017 /* SDNewsModel.h */ = {isa = PBXFileReference; fileEncoding = 4; lastKnownFileType = sourcecode.c.h; path = SDNewsModel.h; sourceTree = "<group>"; };
		858A10A51BA3D13700F1D017 /* SDNewsModel.m */ = {isa = PBXFileReference; fileEncoding = 4; lastKnownFileType = sourcecode.c.objc; path = SDNewsModel.m; sourceTree = "<group>"; };
		858A10A81BA3D13700F1D017 /* SDNewsCell.h */ = {isa = PBXFileReference; fileEncoding = 4; lastKnownFileType = sourcecode.c.h; path = SDNewsCell.h; sourceTree = "<group>"; };
		858A10A91BA3D13700F1D017 /* SDNewsCell.m */ = {isa = PBXFileReference; fileEncoding = 4; lastKnownFileType = sourcecode.c.objc; path = SDNewsCell.m; sourceTree = "<group>"; };
		858A10B41BA3D19C00F1D017 /* SDNews.storyboard */ = {isa = PBXFileReference; fileEncoding = 4; lastKnownFileType = file.storyboard; path = SDNews.storyboard; sourceTree = "<group>"; };
		858A10B61BA3D1F100F1D017 /* SDDetailViewController.h */ = {isa = PBXFileReference; fileEncoding = 4; lastKnownFileType = sourcecode.c.h; path = SDDetailViewController.h; sourceTree = "<group>"; };
		858A10B71BA3D1F100F1D017 /* SDDetailViewController.m */ = {isa = PBXFileReference; fileEncoding = 4; lastKnownFileType = sourcecode.c.objc; path = SDDetailViewController.m; sourceTree = "<group>"; };
		858A10B91BA3D5E200F1D017 /* SDDetailModel.h */ = {isa = PBXFileReference; fileEncoding = 4; lastKnownFileType = sourcecode.c.h; path = SDDetailModel.h; sourceTree = "<group>"; };
		858A10BA1BA3D5E200F1D017 /* SDDetailModel.m */ = {isa = PBXFileReference; fileEncoding = 4; lastKnownFileType = sourcecode.c.objc; path = SDDetailModel.m; sourceTree = "<group>"; };
		858A10BC1BA3D68700F1D017 /* SDDetailImgModel.h */ = {isa = PBXFileReference; fileEncoding = 4; lastKnownFileType = sourcecode.c.h; path = SDDetailImgModel.h; sourceTree = "<group>"; };
		858A10BD1BA3D68700F1D017 /* SDDetailImgModel.m */ = {isa = PBXFileReference; fileEncoding = 4; lastKnownFileType = sourcecode.c.objc; path = SDDetailImgModel.m; sourceTree = "<group>"; };
		858A10BF1BA3DABC00F1D017 /* SDHTTPManager.h */ = {isa = PBXFileReference; fileEncoding = 4; lastKnownFileType = sourcecode.c.h; path = SDHTTPManager.h; sourceTree = "<group>"; };
		858A10C01BA3DABC00F1D017 /* SDHTTPManager.m */ = {isa = PBXFileReference; fileEncoding = 4; lastKnownFileType = sourcecode.c.objc; path = SDHTTPManager.m; sourceTree = "<group>"; };
		858A10C61BA3E19F00F1D017 /* SDReplyModel.h */ = {isa = PBXFileReference; fileEncoding = 4; lastKnownFileType = sourcecode.c.h; path = SDReplyModel.h; sourceTree = "<group>"; };
		858A10C71BA3E19F00F1D017 /* SDReplyModel.m */ = {isa = PBXFileReference; fileEncoding = 4; lastKnownFileType = sourcecode.c.objc; path = SDReplyModel.m; sourceTree = "<group>"; };
		858A10C91BA3F42300F1D017 /* SDReplyViewController.h */ = {isa = PBXFileReference; fileEncoding = 4; lastKnownFileType = sourcecode.c.h; path = SDReplyViewController.h; sourceTree = "<group>"; };
		858A10CA1BA3F42300F1D017 /* SDReplyViewController.m */ = {isa = PBXFileReference; fileEncoding = 4; lastKnownFileType = sourcecode.c.objc; path = SDReplyViewController.m; sourceTree = "<group>"; };
		858A10CC1BA3F46500F1D017 /* SDReplyCell.h */ = {isa = PBXFileReference; fileEncoding = 4; lastKnownFileType = sourcecode.c.h; path = SDReplyCell.h; sourceTree = "<group>"; };
		858A10CD1BA3F46500F1D017 /* SDReplyCell.m */ = {isa = PBXFileReference; fileEncoding = 4; lastKnownFileType = sourcecode.c.objc; path = SDReplyCell.m; sourceTree = "<group>"; };
		858A10CF1BA4126800F1D017 /* SDReplyHeader.h */ = {isa = PBXFileReference; fileEncoding = 4; lastKnownFileType = sourcecode.c.h; path = SDReplyHeader.h; sourceTree = "<group>"; };
		858A10D01BA4126800F1D017 /* SDReplyHeader.m */ = {isa = PBXFileReference; fileEncoding = 4; lastKnownFileType = sourcecode.c.objc; path = SDReplyHeader.m; sourceTree = "<group>"; };
		858A10D11BA4126800F1D017 /* SDReplyHeader.xib */ = {isa = PBXFileReference; fileEncoding = 4; lastKnownFileType = file.xib; path = SDReplyHeader.xib; sourceTree = "<group>"; };
		858A10D81BA4148600F1D017 /* SDPhotoSetController.h */ = {isa = PBXFileReference; fileEncoding = 4; lastKnownFileType = sourcecode.c.h; path = SDPhotoSetController.h; sourceTree = "<group>"; };
		858A10D91BA4148600F1D017 /* SDPhotoSetController.m */ = {isa = PBXFileReference; fileEncoding = 4; lastKnownFileType = sourcecode.c.objc; path = SDPhotoSetController.m; sourceTree = "<group>"; };
		858A10DB1BA4214B00F1D017 /* SDPhotosDetail.h */ = {isa = PBXFileReference; fileEncoding = 4; lastKnownFileType = sourcecode.c.h; path = SDPhotosDetail.h; sourceTree = "<group>"; };
		858A10DC1BA4214B00F1D017 /* SDPhotosDetail.m */ = {isa = PBXFileReference; fileEncoding = 4; lastKnownFileType = sourcecode.c.objc; path = SDPhotosDetail.m; sourceTree = "<group>"; };
		858A10DD1BA4214B00F1D017 /* SDPhotoSet.h */ = {isa = PBXFileReference; fileEncoding = 4; lastKnownFileType = sourcecode.c.h; path = SDPhotoSet.h; sourceTree = "<group>"; };
		858A10DE1BA4214B00F1D017 /* SDPhotoSet.m */ = {isa = PBXFileReference; fileEncoding = 4; lastKnownFileType = sourcecode.c.objc; path = SDPhotoSet.m; sourceTree = "<group>"; };
		85AFE12F1BA263DB00988851 /* 新闻速递.app */ = {isa = PBXFileReference; explicitFileType = wrapper.application; includeInIndex = 0; path = "新闻速递.app"; sourceTree = BUILT_PRODUCTS_DIR; };
		85AFE1331BA263DB00988851 /* Info.plist */ = {isa = PBXFileReference; lastKnownFileType = text.plist.xml; path = Info.plist; sourceTree = "<group>"; };
		85AFE13F1BA263DB00988851 /* Images.xcassets */ = {isa = PBXFileReference; lastKnownFileType = folder.assetcatalog; path = Images.xcassets; sourceTree = "<group>"; };
		85AFE1421BA263DB00988851 /* Base */ = {isa = PBXFileReference; lastKnownFileType = file.xib; name = Base; path = Base.lproj/LaunchScreen.xib; sourceTree = "<group>"; };
		85AFE1481BA263DB00988851 /* 新闻速递Tests.xctest */ = {isa = PBXFileReference; explicitFileType = wrapper.cfbundle; includeInIndex = 0; path = "新闻速递Tests.xctest"; sourceTree = BUILT_PRODUCTS_DIR; };
		85AFE14D1BA263DB00988851 /* Info.plist */ = {isa = PBXFileReference; lastKnownFileType = text.plist.xml; path = Info.plist; sourceTree = "<group>"; };
		85AFE14E1BA263DB00988851 /* ____Tests.m */ = {isa = PBXFileReference; lastKnownFileType = sourcecode.c.objc; path = "____Tests.m"; sourceTree = "<group>"; };
		85AFE1641BA265A200988851 /* AppDelegate.h */ = {isa = PBXFileReference; fileEncoding = 4; lastKnownFileType = sourcecode.c.h; path = AppDelegate.h; sourceTree = "<group>"; };
		85AFE1651BA265A200988851 /* AppDelegate.m */ = {isa = PBXFileReference; fileEncoding = 4; lastKnownFileType = sourcecode.c.objc; path = AppDelegate.m; sourceTree = "<group>"; };
		85AFE1661BA265A200988851 /* main.m */ = {isa = PBXFileReference; fileEncoding = 4; lastKnownFileType = sourcecode.c.objc; path = main.m; sourceTree = "<group>"; };
		85AFE16C1BA266A900988851 /* SDNavigationController.h */ = {isa = PBXFileReference; fileEncoding = 4; lastKnownFileType = sourcecode.c.h; path = SDNavigationController.h; sourceTree = "<group>"; };
		85AFE16D1BA266A900988851 /* SDNavigationController.m */ = {isa = PBXFileReference; fileEncoding = 4; lastKnownFileType = sourcecode.c.objc; path = SDNavigationController.m; sourceTree = "<group>"; };
		85AFE16F1BA267CE00988851 /* SDMainViewController.h */ = {isa = PBXFileReference; fileEncoding = 4; lastKnownFileType = sourcecode.c.h; path = SDMainViewController.h; sourceTree = "<group>"; };
		85AFE1701BA267CE00988851 /* SDMainViewController.m */ = {isa = PBXFileReference; fileEncoding = 4; lastKnownFileType = sourcecode.c.objc; path = SDMainViewController.m; sourceTree = "<group>"; };
		85AFE1741BA2698000988851 /* UIView+Extension.h */ = {isa = PBXFileReference; fileEncoding = 4; lastKnownFileType = sourcecode.c.h; path = "UIView+Extension.h"; sourceTree = "<group>"; };
		85AFE1751BA2698000988851 /* UIView+Extension.m */ = {isa = PBXFileReference; fileEncoding = 4; lastKnownFileType = sourcecode.c.objc; path = "UIView+Extension.m"; sourceTree = "<group>"; };
		85AFE1781BA2699500988851 /* NSArray+Log.h */ = {isa = PBXFileReference; fileEncoding = 4; lastKnownFileType = sourcecode.c.h; path = "NSArray+Log.h"; sourceTree = "<group>"; };
		85AFE1791BA2699500988851 /* NSArray+Log.m */ = {isa = PBXFileReference; fileEncoding = 4; lastKnownFileType = sourcecode.c.objc; path = "NSArray+Log.m"; sourceTree = "<group>"; };
		85AFE17B1BA26AC600988851 /* NewsURLs.plist */ = {isa = PBXFileReference; fileEncoding = 4; lastKnownFileType = text.plist.xml; path = NewsURLs.plist; sourceTree = "<group>"; };
		85AFE17D1BA26EE200988851 /* SDTitleLabel.h */ = {isa = PBXFileReference; fileEncoding = 4; lastKnownFileType = sourcecode.c.h; path = SDTitleLabel.h; sourceTree = "<group>"; };
		85AFE17E1BA26EE200988851 /* SDTitleLabel.m */ = {isa = PBXFileReference; fileEncoding = 4; lastKnownFileType = sourcecode.c.objc; path = SDTitleLabel.m; sourceTree = "<group>"; };
		85AFE1801BA26FAB00988851 /* SDCount.h */ = {isa = PBXFileReference; fileEncoding = 4; lastKnownFileType = sourcecode.c.h; path = SDCount.h; sourceTree = "<group>"; };
		85AFE1811BA26FAB00988851 /* SDCount.m */ = {isa = PBXFileReference; fileEncoding = 4; lastKnownFileType = sourcecode.c.objc; path = SDCount.m; sourceTree = "<group>"; };
		85AFE1871BA278B200988851 /* HYQiHei-50J.ttf */ = {isa = PBXFileReference; lastKnownFileType = file; path = "HYQiHei-50J.ttf"; sourceTree = "<group>"; };
		85E1E4DC1BA2C340005BEF7B /* AFHTTPRequestOperation.h */ = {isa = PBXFileReference; fileEncoding = 4; lastKnownFileType = sourcecode.c.h; path = AFHTTPRequestOperation.h; sourceTree = "<group>"; };
		85E1E4DD1BA2C340005BEF7B /* AFHTTPRequestOperation.m */ = {isa = PBXFileReference; fileEncoding = 4; lastKnownFileType = sourcecode.c.objc; path = AFHTTPRequestOperation.m; sourceTree = "<group>"; };
		85E1E4DE1BA2C340005BEF7B /* AFHTTPRequestOperationManager.h */ = {isa = PBXFileReference; fileEncoding = 4; lastKnownFileType = sourcecode.c.h; path = AFHTTPRequestOperationManager.h; sourceTree = "<group>"; };
		85E1E4DF1BA2C340005BEF7B /* AFHTTPRequestOperationManager.m */ = {isa = PBXFileReference; fileEncoding = 4; lastKnownFileType = sourcecode.c.objc; path = AFHTTPRequestOperationManager.m; sourceTree = "<group>"; };
		85E1E4E01BA2C340005BEF7B /* AFHTTPSessionManager.h */ = {isa = PBXFileReference; fileEncoding = 4; lastKnownFileType = sourcecode.c.h; path = AFHTTPSessionManager.h; sourceTree = "<group>"; };
		85E1E4E11BA2C340005BEF7B /* AFHTTPSessionManager.m */ = {isa = PBXFileReference; fileEncoding = 4; lastKnownFileType = sourcecode.c.objc; path = AFHTTPSessionManager.m; sourceTree = "<group>"; };
		85E1E4E21BA2C340005BEF7B /* AFNetworking.h */ = {isa = PBXFileReference; fileEncoding = 4; lastKnownFileType = sourcecode.c.h; path = AFNetworking.h; sourceTree = "<group>"; };
		85E1E4E31BA2C340005BEF7B /* AFNetworkReachabilityManager.h */ = {isa = PBXFileReference; fileEncoding = 4; lastKnownFileType = sourcecode.c.h; path = AFNetworkReachabilityManager.h; sourceTree = "<group>"; };
		85E1E4E41BA2C340005BEF7B /* AFNetworkReachabilityManager.m */ = {isa = PBXFileReference; fileEncoding = 4; lastKnownFileType = sourcecode.c.objc; path = AFNetworkReachabilityManager.m; sourceTree = "<group>"; };
		85E1E4E51BA2C340005BEF7B /* AFSecurityPolicy.h */ = {isa = PBXFileReference; fileEncoding = 4; lastKnownFileType = sourcecode.c.h; path = AFSecurityPolicy.h; sourceTree = "<group>"; };
		85E1E4E61BA2C340005BEF7B /* AFSecurityPolicy.m */ = {isa = PBXFileReference; fileEncoding = 4; lastKnownFileType = sourcecode.c.objc; path = AFSecurityPolicy.m; sourceTree = "<group>"; };
		85E1E4E71BA2C340005BEF7B /* AFURLConnectionOperation.h */ = {isa = PBXFileReference; fileEncoding = 4; lastKnownFileType = sourcecode.c.h; path = AFURLConnectionOperation.h; sourceTree = "<group>"; };
		85E1E4E81BA2C340005BEF7B /* AFURLConnectionOperation.m */ = {isa = PBXFileReference; fileEncoding = 4; lastKnownFileType = sourcecode.c.objc; path = AFURLConnectionOperation.m; sourceTree = "<group>"; };
		85E1E4E91BA2C340005BEF7B /* AFURLRequestSerialization.h */ = {isa = PBXFileReference; fileEncoding = 4; lastKnownFileType = sourcecode.c.h; path = AFURLRequestSerialization.h; sourceTree = "<group>"; };
		85E1E4EA1BA2C340005BEF7B /* AFURLRequestSerialization.m */ = {isa = PBXFileReference; fileEncoding = 4; lastKnownFileType = sourcecode.c.objc; path = AFURLRequestSerialization.m; sourceTree = "<group>"; };
		85E1E4EB1BA2C340005BEF7B /* AFURLResponseSerialization.h */ = {isa = PBXFileReference; fileEncoding = 4; lastKnownFileType = sourcecode.c.h; path = AFURLResponseSerialization.h; sourceTree = "<group>"; };
		85E1E4EC1BA2C340005BEF7B /* AFURLResponseSerialization.m */ = {isa = PBXFileReference; fileEncoding = 4; lastKnownFileType = sourcecode.c.objc; path = AFURLResponseSerialization.m; sourceTree = "<group>"; };
		85E1E4ED1BA2C340005BEF7B /* AFURLSessionManager.h */ = {isa = PBXFileReference; fileEncoding = 4; lastKnownFileType = sourcecode.c.h; path = AFURLSessionManager.h; sourceTree = "<group>"; };
		85E1E4EE1BA2C340005BEF7B /* AFURLSessionManager.m */ = {isa = PBXFileReference; fileEncoding = 4; lastKnownFileType = sourcecode.c.objc; path = AFURLSessionManager.m; sourceTree = "<group>"; };
		85E1E4F01BA2C340005BEF7B /* UINavigationController+FDFullscreenPopGesture.h */ = {isa = PBXFileReference; fileEncoding = 4; lastKnownFileType = sourcecode.c.h; path = "UINavigationController+FDFullscreenPopGesture.h"; sourceTree = "<group>"; };
		85E1E4F11BA2C340005BEF7B /* UINavigationController+FDFullscreenPopGesture.m */ = {isa = PBXFileReference; fileEncoding = 4; lastKnownFileType = sourcecode.c.objc; path = "UINavigationController+FDFullscreenPopGesture.m"; sourceTree = "<group>"; };
		85E1E4F31BA2C340005BEF7B /* MJExtension.h */ = {isa = PBXFileReference; fileEncoding = 4; lastKnownFileType = sourcecode.c.h; path = MJExtension.h; sourceTree = "<group>"; };
		85E1E4F41BA2C340005BEF7B /* MJExtensionConst.h */ = {isa = PBXFileReference; fileEncoding = 4; lastKnownFileType = sourcecode.c.h; path = MJExtensionConst.h; sourceTree = "<group>"; };
		85E1E4F51BA2C340005BEF7B /* MJExtensionConst.m */ = {isa = PBXFileReference; fileEncoding = 4; lastKnownFileType = sourcecode.c.objc; path = MJExtensionConst.m; sourceTree = "<group>"; };
		85E1E4F61BA2C340005BEF7B /* MJFoundation.h */ = {isa = PBXFileReference; fileEncoding = 4; lastKnownFileType = sourcecode.c.h; path = MJFoundation.h; sourceTree = "<group>"; };
		85E1E4F71BA2C340005BEF7B /* MJFoundation.m */ = {isa = PBXFileReference; fileEncoding = 4; lastKnownFileType = sourcecode.c.objc; path = MJFoundation.m; sourceTree = "<group>"; };
		85E1E4F81BA2C340005BEF7B /* MJProperty.h */ = {isa = PBXFileReference; fileEncoding = 4; lastKnownFileType = sourcecode.c.h; path = MJProperty.h; sourceTree = "<group>"; };
		85E1E4F91BA2C340005BEF7B /* MJProperty.m */ = {isa = PBXFileReference; fileEncoding = 4; lastKnownFileType = sourcecode.c.objc; path = MJProperty.m; sourceTree = "<group>"; };
		85E1E4FA1BA2C340005BEF7B /* MJType.h */ = {isa = PBXFileReference; fileEncoding = 4; lastKnownFileType = sourcecode.c.h; path = MJType.h; sourceTree = "<group>"; };
		85E1E4FB1BA2C340005BEF7B /* MJType.m */ = {isa = PBXFileReference; fileEncoding = 4; lastKnownFileType = sourcecode.c.objc; path = MJType.m; sourceTree = "<group>"; };
		85E1E4FC1BA2C340005BEF7B /* NSObject+MJCoding.h */ = {isa = PBXFileReference; fileEncoding = 4; lastKnownFileType = sourcecode.c.h; path = "NSObject+MJCoding.h"; sourceTree = "<group>"; };
		85E1E4FD1BA2C340005BEF7B /* NSObject+MJCoding.m */ = {isa = PBXFileReference; fileEncoding = 4; lastKnownFileType = sourcecode.c.objc; path = "NSObject+MJCoding.m"; sourceTree = "<group>"; };
		85E1E4FE1BA2C340005BEF7B /* NSObject+MJKeyValue.h */ = {isa = PBXFileReference; fileEncoding = 4; lastKnownFileType = sourcecode.c.h; path = "NSObject+MJKeyValue.h"; sourceTree = "<group>"; };
		85E1E4FF1BA2C340005BEF7B /* NSObject+MJKeyValue.m */ = {isa = PBXFileReference; fileEncoding = 4; lastKnownFileType = sourcecode.c.objc; path = "NSObject+MJKeyValue.m"; sourceTree = "<group>"; };
		85E1E5001BA2C340005BEF7B /* NSObject+MJProperty.h */ = {isa = PBXFileReference; fileEncoding = 4; lastKnownFileType = sourcecode.c.h; path = "NSObject+MJProperty.h"; sourceTree = "<group>"; };
		85E1E5011BA2C340005BEF7B /* NSObject+MJProperty.m */ = {isa = PBXFileReference; fileEncoding = 4; lastKnownFileType = sourcecode.c.objc; path = "NSObject+MJProperty.m"; sourceTree = "<group>"; };
		85E1E5021BA2C340005BEF7B /* NSString+MJExtension.h */ = {isa = PBXFileReference; fileEncoding = 4; lastKnownFileType = sourcecode.c.h; path = "NSString+MJExtension.h"; sourceTree = "<group>"; };
		85E1E5031BA2C340005BEF7B /* NSString+MJExtension.m */ = {isa = PBXFileReference; fileEncoding = 4; lastKnownFileType = sourcecode.c.objc; path = "NSString+MJExtension.m"; sourceTree = "<group>"; };
		85E1E5051BA2C340005BEF7B /* MJRefresh.bundle */ = {isa = PBXFileReference; lastKnownFileType = "wrapper.plug-in"; path = MJRefresh.bundle; sourceTree = "<group>"; };
		85E1E5061BA2C340005BEF7B /* MJRefresh.h */ = {isa = PBXFileReference; fileEncoding = 4; lastKnownFileType = sourcecode.c.h; path = MJRefresh.h; sourceTree = "<group>"; };
		85E1E5071BA2C340005BEF7B /* MJRefreshBaseView.h */ = {isa = PBXFileReference; fileEncoding = 4; lastKnownFileType = sourcecode.c.h; path = MJRefreshBaseView.h; sourceTree = "<group>"; };
		85E1E5081BA2C340005BEF7B /* MJRefreshBaseView.m */ = {isa = PBXFileReference; fileEncoding = 4; lastKnownFileType = sourcecode.c.objc; path = MJRefreshBaseView.m; sourceTree = "<group>"; };
		85E1E5091BA2C340005BEF7B /* MJRefreshConst.h */ = {isa = PBXFileReference; fileEncoding = 4; lastKnownFileType = sourcecode.c.h; path = MJRefreshConst.h; sourceTree = "<group>"; };
		85E1E50A1BA2C340005BEF7B /* MJRefreshConst.m */ = {isa = PBXFileReference; fileEncoding = 4; lastKnownFileType = sourcecode.c.objc; path = MJRefreshConst.m; sourceTree = "<group>"; };
		85E1E50B1BA2C340005BEF7B /* MJRefreshFooterView.h */ = {isa = PBXFileReference; fileEncoding = 4; lastKnownFileType = sourcecode.c.h; path = MJRefreshFooterView.h; sourceTree = "<group>"; };
		85E1E50C1BA2C340005BEF7B /* MJRefreshFooterView.m */ = {isa = PBXFileReference; fileEncoding = 4; lastKnownFileType = sourcecode.c.objc; path = MJRefreshFooterView.m; sourceTree = "<group>"; };
		85E1E50D1BA2C340005BEF7B /* MJRefreshHeaderView.h */ = {isa = PBXFileReference; fileEncoding = 4; lastKnownFileType = sourcecode.c.h; path = MJRefreshHeaderView.h; sourceTree = "<group>"; };
		85E1E50E1BA2C340005BEF7B /* MJRefreshHeaderView.m */ = {isa = PBXFileReference; fileEncoding = 4; lastKnownFileType = sourcecode.c.objc; path = MJRefreshHeaderView.m; sourceTree = "<group>"; };
		85E1E50F1BA2C340005BEF7B /* UIScrollView+MJExtension.h */ = {isa = PBXFileReference; fileEncoding = 4; lastKnownFileType = sourcecode.c.h; path = "UIScrollView+MJExtension.h"; sourceTree = "<group>"; };
		85E1E5101BA2C340005BEF7B /* UIScrollView+MJExtension.m */ = {isa = PBXFileReference; fileEncoding = 4; lastKnownFileType = sourcecode.c.objc; path = "UIScrollView+MJExtension.m"; sourceTree = "<group>"; };
		85E1E5111BA2C340005BEF7B /* UIScrollView+MJRefresh.h */ = {isa = PBXFileReference; fileEncoding = 4; lastKnownFileType = sourcecode.c.h; path = "UIScrollView+MJRefresh.h"; sourceTree = "<group>"; };
		85E1E5121BA2C340005BEF7B /* UIScrollView+MJRefresh.m */ = {isa = PBXFileReference; fileEncoding = 4; lastKnownFileType = sourcecode.c.objc; path = "UIScrollView+MJRefresh.m"; sourceTree = "<group>"; };
		85E1E5131BA2C340005BEF7B /* UIView+MJExtension.h */ = {isa = PBXFileReference; fileEncoding = 4; lastKnownFileType = sourcecode.c.h; path = "UIView+MJExtension.h"; sourceTree = "<group>"; };
		85E1E5141BA2C340005BEF7B /* UIView+MJExtension.m */ = {isa = PBXFileReference; fileEncoding = 4; lastKnownFileType = sourcecode.c.objc; path = "UIView+MJExtension.m"; sourceTree = "<group>"; };
		85E1E5161BA2C340005BEF7B /* MKAnnotationView+WebCache.h */ = {isa = PBXFileReference; fileEncoding = 4; lastKnownFileType = sourcecode.c.h; path = "MKAnnotationView+WebCache.h"; sourceTree = "<group>"; };
		85E1E5171BA2C340005BEF7B /* MKAnnotationView+WebCache.m */ = {isa = PBXFileReference; fileEncoding = 4; lastKnownFileType = sourcecode.c.objc; path = "MKAnnotationView+WebCache.m"; sourceTree = "<group>"; };
		85E1E5181BA2C340005BEF7B /* NSData+ImageContentType.h */ = {isa = PBXFileReference; fileEncoding = 4; lastKnownFileType = sourcecode.c.h; path = "NSData+ImageContentType.h"; sourceTree = "<group>"; };
		85E1E5191BA2C340005BEF7B /* NSData+ImageContentType.m */ = {isa = PBXFileReference; fileEncoding = 4; lastKnownFileType = sourcecode.c.objc; path = "NSData+ImageContentType.m"; sourceTree = "<group>"; };
		85E1E51A1BA2C340005BEF7B /* SDImageCache.h */ = {isa = PBXFileReference; fileEncoding = 4; lastKnownFileType = sourcecode.c.h; path = SDImageCache.h; sourceTree = "<group>"; };
		85E1E51B1BA2C340005BEF7B /* SDImageCache.m */ = {isa = PBXFileReference; fileEncoding = 4; lastKnownFileType = sourcecode.c.objc; path = SDImageCache.m; sourceTree = "<group>"; };
		85E1E51C1BA2C340005BEF7B /* SDWebImageCompat.h */ = {isa = PBXFileReference; fileEncoding = 4; lastKnownFileType = sourcecode.c.h; path = SDWebImageCompat.h; sourceTree = "<group>"; };
		85E1E51D1BA2C340005BEF7B /* SDWebImageCompat.m */ = {isa = PBXFileReference; fileEncoding = 4; lastKnownFileType = sourcecode.c.objc; path = SDWebImageCompat.m; sourceTree = "<group>"; };
		85E1E51E1BA2C340005BEF7B /* SDWebImageDecoder.h */ = {isa = PBXFileReference; fileEncoding = 4; lastKnownFileType = sourcecode.c.h; path = SDWebImageDecoder.h; sourceTree = "<group>"; };
		85E1E51F1BA2C340005BEF7B /* SDWebImageDecoder.m */ = {isa = PBXFileReference; fileEncoding = 4; lastKnownFileType = sourcecode.c.objc; path = SDWebImageDecoder.m; sourceTree = "<group>"; };
		85E1E5201BA2C340005BEF7B /* SDWebImageDownloader.h */ = {isa = PBXFileReference; fileEncoding = 4; lastKnownFileType = sourcecode.c.h; path = SDWebImageDownloader.h; sourceTree = "<group>"; };
		85E1E5211BA2C340005BEF7B /* SDWebImageDownloader.m */ = {isa = PBXFileReference; fileEncoding = 4; lastKnownFileType = sourcecode.c.objc; path = SDWebImageDownloader.m; sourceTree = "<group>"; };
		85E1E5221BA2C340005BEF7B /* SDWebImageDownloaderOperation.h */ = {isa = PBXFileReference; fileEncoding = 4; lastKnownFileType = sourcecode.c.h; path = SDWebImageDownloaderOperation.h; sourceTree = "<group>"; };
		85E1E5231BA2C340005BEF7B /* SDWebImageDownloaderOperation.m */ = {isa = PBXFileReference; fileEncoding = 4; lastKnownFileType = sourcecode.c.objc; path = SDWebImageDownloaderOperation.m; sourceTree = "<group>"; };
		85E1E5241BA2C340005BEF7B /* SDWebImageManager.h */ = {isa = PBXFileReference; fileEncoding = 4; lastKnownFileType = sourcecode.c.h; path = SDWebImageManager.h; sourceTree = "<group>"; };
		85E1E5251BA2C340005BEF7B /* SDWebImageManager.m */ = {isa = PBXFileReference; fileEncoding = 4; lastKnownFileType = sourcecode.c.objc; path = SDWebImageManager.m; sourceTree = "<group>"; };
		85E1E5261BA2C340005BEF7B /* SDWebImageOperation.h */ = {isa = PBXFileReference; fileEncoding = 4; lastKnownFileType = sourcecode.c.h; path = SDWebImageOperation.h; sourceTree = "<group>"; };
		85E1E5271BA2C340005BEF7B /* SDWebImagePrefetcher.h */ = {isa = PBXFileReference; fileEncoding = 4; lastKnownFileType = sourcecode.c.h; path = SDWebImagePrefetcher.h; sourceTree = "<group>"; };
		85E1E5281BA2C340005BEF7B /* SDWebImagePrefetcher.m */ = {isa = PBXFileReference; fileEncoding = 4; lastKnownFileType = sourcecode.c.objc; path = SDWebImagePrefetcher.m; sourceTree = "<group>"; };
		85E1E5291BA2C340005BEF7B /* UIButton+WebCache.h */ = {isa = PBXFileReference; fileEncoding = 4; lastKnownFileType = sourcecode.c.h; path = "UIButton+WebCache.h"; sourceTree = "<group>"; };
		85E1E52A1BA2C340005BEF7B /* UIButton+WebCache.m */ = {isa = PBXFileReference; fileEncoding = 4; lastKnownFileType = sourcecode.c.objc; path = "UIButton+WebCache.m"; sourceTree = "<group>"; };
		85E1E52B1BA2C340005BEF7B /* UIImage+GIF.h */ = {isa = PBXFileReference; fileEncoding = 4; lastKnownFileType = sourcecode.c.h; path = "UIImage+GIF.h"; sourceTree = "<group>"; };
		85E1E52C1BA2C340005BEF7B /* UIImage+GIF.m */ = {isa = PBXFileReference; fileEncoding = 4; lastKnownFileType = sourcecode.c.objc; path = "UIImage+GIF.m"; sourceTree = "<group>"; };
		85E1E52D1BA2C340005BEF7B /* UIImage+MultiFormat.h */ = {isa = PBXFileReference; fileEncoding = 4; lastKnownFileType = sourcecode.c.h; path = "UIImage+MultiFormat.h"; sourceTree = "<group>"; };
		85E1E52E1BA2C340005BEF7B /* UIImage+MultiFormat.m */ = {isa = PBXFileReference; fileEncoding = 4; lastKnownFileType = sourcecode.c.objc; path = "UIImage+MultiFormat.m"; sourceTree = "<group>"; };
		85E1E52F1BA2C340005BEF7B /* UIImage+WebP.h */ = {isa = PBXFileReference; fileEncoding = 4; lastKnownFileType = sourcecode.c.h; path = "UIImage+WebP.h"; sourceTree = "<group>"; };
		85E1E5301BA2C340005BEF7B /* UIImage+WebP.m */ = {isa = PBXFileReference; fileEncoding = 4; lastKnownFileType = sourcecode.c.objc; path = "UIImage+WebP.m"; sourceTree = "<group>"; };
		85E1E5311BA2C340005BEF7B /* UIImageView+HighlightedWebCache.h */ = {isa = PBXFileReference; fileEncoding = 4; lastKnownFileType = sourcecode.c.h; path = "UIImageView+HighlightedWebCache.h"; sourceTree = "<group>"; };
		85E1E5321BA2C340005BEF7B /* UIImageView+HighlightedWebCache.m */ = {isa = PBXFileReference; fileEncoding = 4; lastKnownFileType = sourcecode.c.objc; path = "UIImageView+HighlightedWebCache.m"; sourceTree = "<group>"; };
		85E1E5331BA2C340005BEF7B /* UIImageView+WebCache.h */ = {isa = PBXFileReference; fileEncoding = 4; lastKnownFileType = sourcecode.c.h; path = "UIImageView+WebCache.h"; sourceTree = "<group>"; };
		85E1E5341BA2C340005BEF7B /* UIImageView+WebCache.m */ = {isa = PBXFileReference; fileEncoding = 4; lastKnownFileType = sourcecode.c.objc; path = "UIImageView+WebCache.m"; sourceTree = "<group>"; };
		85E1E5351BA2C340005BEF7B /* UIView+WebCacheOperation.h */ = {isa = PBXFileReference; fileEncoding = 4; lastKnownFileType = sourcecode.c.h; path = "UIView+WebCacheOperation.h"; sourceTree = "<group>"; };
		85E1E5361BA2C340005BEF7B /* UIView+WebCacheOperation.m */ = {isa = PBXFileReference; fileEncoding = 4; lastKnownFileType = sourcecode.c.objc; path = "UIView+WebCacheOperation.m"; sourceTree = "<group>"; };
		85E1E5611BA2C752005BEF7B /* SDNetWorkTool.h */ = {isa = PBXFileReference; fileEncoding = 4; lastKnownFileType = sourcecode.c.h; path = SDNetWorkTool.h; sourceTree = "<group>"; };
		85E1E5621BA2C752005BEF7B /* SDNetWorkTool.m */ = {isa = PBXFileReference; fileEncoding = 4; lastKnownFileType = sourcecode.c.objc; path = SDNetWorkTool.m; sourceTree = "<group>"; };
		85E1E5681BA2F247005BEF7B /* MBProgressHUD+MJ.h */ = {isa = PBXFileReference; fileEncoding = 4; lastKnownFileType = sourcecode.c.h; path = "MBProgressHUD+MJ.h"; sourceTree = "<group>"; };
		85E1E5691BA2F247005BEF7B /* MBProgressHUD+MJ.m */ = {isa = PBXFileReference; fileEncoding = 4; lastKnownFileType = sourcecode.c.objc; path = "MBProgressHUD+MJ.m"; sourceTree = "<group>"; };
		85E1E56A1BA2F247005BEF7B /* MBProgressHUD.bundle */ = {isa = PBXFileReference; lastKnownFileType = "wrapper.plug-in"; path = MBProgressHUD.bundle; sourceTree = "<group>"; };
		85E1E56B1BA2F247005BEF7B /* MBProgressHUD.h */ = {isa = PBXFileReference; fileEncoding = 4; lastKnownFileType = sourcecode.c.h; path = MBProgressHUD.h; sourceTree = "<group>"; };
		85E1E56C1BA2F247005BEF7B /* MBProgressHUD.m */ = {isa = PBXFileReference; fileEncoding = 4; lastKnownFileType = sourcecode.c.objc; path = MBProgressHUD.m; sourceTree = "<group>"; };
		85E1E5731BA30BA1005BEF7B /* Info.plist */ = {isa = PBXFileReference; fileEncoding = 4; lastKnownFileType = text.plist.xml; path = Info.plist; sourceTree = "<group>"; };
		85E1E5741BA30BA1005BEF7B /* MASCompositeConstraint.h */ = {isa = PBXFileReference; fileEncoding = 4; lastKnownFileType = sourcecode.c.h; path = MASCompositeConstraint.h; sourceTree = "<group>"; };
		85E1E5751BA30BA1005BEF7B /* MASCompositeConstraint.m */ = {isa = PBXFileReference; fileEncoding = 4; lastKnownFileType = sourcecode.c.objc; path = MASCompositeConstraint.m; sourceTree = "<group>"; };
		85E1E5761BA30BA1005BEF7B /* MASConstraint+Private.h */ = {isa = PBXFileReference; fileEncoding = 4; lastKnownFileType = sourcecode.c.h; path = "MASConstraint+Private.h"; sourceTree = "<group>"; };
		85E1E5771BA30BA1005BEF7B /* MASConstraint.h */ = {isa = PBXFileReference; fileEncoding = 4; lastKnownFileType = sourcecode.c.h; path = MASConstraint.h; sourceTree = "<group>"; };
		85E1E5781BA30BA1005BEF7B /* MASConstraint.m */ = {isa = PBXFileReference; fileEncoding = 4; lastKnownFileType = sourcecode.c.objc; path = MASConstraint.m; sourceTree = "<group>"; };
		85E1E5791BA30BA1005BEF7B /* MASConstraintMaker.h */ = {isa = PBXFileReference; fileEncoding = 4; lastKnownFileType = sourcecode.c.h; path = MASConstraintMaker.h; sourceTree = "<group>"; };
		85E1E57A1BA30BA1005BEF7B /* MASConstraintMaker.m */ = {isa = PBXFileReference; fileEncoding = 4; lastKnownFileType = sourcecode.c.objc; path = MASConstraintMaker.m; sourceTree = "<group>"; };
		85E1E57B1BA30BA1005BEF7B /* MASLayoutConstraint.h */ = {isa = PBXFileReference; fileEncoding = 4; lastKnownFileType = sourcecode.c.h; path = MASLayoutConstraint.h; sourceTree = "<group>"; };
		85E1E57C1BA30BA1005BEF7B /* MASLayoutConstraint.m */ = {isa = PBXFileReference; fileEncoding = 4; lastKnownFileType = sourcecode.c.objc; path = MASLayoutConstraint.m; sourceTree = "<group>"; };
		85E1E57D1BA30BA1005BEF7B /* Masonry.h */ = {isa = PBXFileReference; fileEncoding = 4; lastKnownFileType = sourcecode.c.h; path = Masonry.h; sourceTree = "<group>"; };
		85E1E57E1BA30BA1005BEF7B /* MASUtilities.h */ = {isa = PBXFileReference; fileEncoding = 4; lastKnownFileType = sourcecode.c.h; path = MASUtilities.h; sourceTree = "<group>"; };
		85E1E57F1BA30BA1005BEF7B /* MASViewAttribute.h */ = {isa = PBXFileReference; fileEncoding = 4; lastKnownFileType = sourcecode.c.h; path = MASViewAttribute.h; sourceTree = "<group>"; };
		85E1E5801BA30BA1005BEF7B /* MASViewAttribute.m */ = {isa = PBXFileReference; fileEncoding = 4; lastKnownFileType = sourcecode.c.objc; path = MASViewAttribute.m; sourceTree = "<group>"; };
		85E1E5811BA30BA1005BEF7B /* MASViewConstraint.h */ = {isa = PBXFileReference; fileEncoding = 4; lastKnownFileType = sourcecode.c.h; path = MASViewConstraint.h; sourceTree = "<group>"; };
		85E1E5821BA30BA1005BEF7B /* MASViewConstraint.m */ = {isa = PBXFileReference; fileEncoding = 4; lastKnownFileType = sourcecode.c.objc; path = MASViewConstraint.m; sourceTree = "<group>"; };
		85E1E5831BA30BA1005BEF7B /* NSArray+MASAdditions.h */ = {isa = PBXFileReference; fileEncoding = 4; lastKnownFileType = sourcecode.c.h; path = "NSArray+MASAdditions.h"; sourceTree = "<group>"; };
		85E1E5841BA30BA1005BEF7B /* NSArray+MASAdditions.m */ = {isa = PBXFileReference; fileEncoding = 4; lastKnownFileType = sourcecode.c.objc; path = "NSArray+MASAdditions.m"; sourceTree = "<group>"; };
		85E1E5851BA30BA1005BEF7B /* NSArray+MASShorthandAdditions.h */ = {isa = PBXFileReference; fileEncoding = 4; lastKnownFileType = sourcecode.c.h; path = "NSArray+MASShorthandAdditions.h"; sourceTree = "<group>"; };
		85E1E5861BA30BA1005BEF7B /* NSLayoutConstraint+MASDebugAdditions.h */ = {isa = PBXFileReference; fileEncoding = 4; lastKnownFileType = sourcecode.c.h; path = "NSLayoutConstraint+MASDebugAdditions.h"; sourceTree = "<group>"; };
		85E1E5871BA30BA1005BEF7B /* NSLayoutConstraint+MASDebugAdditions.m */ = {isa = PBXFileReference; fileEncoding = 4; lastKnownFileType = sourcecode.c.objc; path = "NSLayoutConstraint+MASDebugAdditions.m"; sourceTree = "<group>"; };
		85E1E5881BA30BA1005BEF7B /* View+MASAdditions.h */ = {isa = PBXFileReference; fileEncoding = 4; lastKnownFileType = sourcecode.c.h; path = "View+MASAdditions.h"; sourceTree = "<group>"; };
		85E1E5891BA30BA1005BEF7B /* View+MASAdditions.m */ = {isa = PBXFileReference; fileEncoding = 4; lastKnownFileType = sourcecode.c.objc; path = "View+MASAdditions.m"; sourceTree = "<group>"; };
		85E1E58A1BA30BA1005BEF7B /* View+MASShorthandAdditions.h */ = {isa = PBXFileReference; fileEncoding = 4; lastKnownFileType = sourcecode.c.h; path = "View+MASShorthandAdditions.h"; sourceTree = "<group>"; };
		85E1E58B1BA30BA1005BEF7B /* ViewController+MASAdditions.h */ = {isa = PBXFileReference; fileEncoding = 4; lastKnownFileType = sourcecode.c.h; path = "ViewController+MASAdditions.h"; sourceTree = "<group>"; };
		85E1E58C1BA30BA1005BEF7B /* ViewController+MASAdditions.m */ = {isa = PBXFileReference; fileEncoding = 4; lastKnownFileType = sourcecode.c.objc; path = "ViewController+MASAdditions.m"; sourceTree = "<group>"; };
/* End PBXFileReference section */

/* Begin PBXFrameworksBuildPhase section */
		85AFE12C1BA263DB00988851 /* Frameworks */ = {
			isa = PBXFrameworksBuildPhase;
			buildActionMask = 2147483647;
			files = (
			);
			runOnlyForDeploymentPostprocessing = 0;
		};
		85AFE1451BA263DB00988851 /* Frameworks */ = {
			isa = PBXFrameworksBuildPhase;
			buildActionMask = 2147483647;
			files = (
			);
			runOnlyForDeploymentPostprocessing = 0;
		};
/* End PBXFrameworksBuildPhase section */

/* Begin PBXGroup section */
		8557F8061BA5572700898945 /* Controllers */ = {
			isa = PBXGroup;
			children = (
				8557F8071BA5573500898945 /* SDWeatherDetailVC.h */,
				8557F8081BA5573500898945 /* SDWeatherDetailVC.m */,
				8557F8091BA5573500898945 /* SDWeatherDetailVC.xib */,
			);
			path = Controllers;
			sourceTree = "<group>";
		};
		855EE7691BA658C600BC5556 /* MMDrawerController */ = {
			isa = PBXGroup;
			children = (
				855EE76A1BA658C600BC5556 /* MMDrawerBarButtonItem.h */,
				855EE76B1BA658C600BC5556 /* MMDrawerBarButtonItem.m */,
				855EE76C1BA658C600BC5556 /* MMDrawerController+Subclass.h */,
				855EE76D1BA658C600BC5556 /* MMDrawerController.h */,
				855EE76E1BA658C600BC5556 /* MMDrawerController.m */,
				855EE76F1BA658C600BC5556 /* MMDrawerVisualState.h */,
				855EE7701BA658C600BC5556 /* MMDrawerVisualState.m */,
				855EE7711BA658C600BC5556 /* UIViewController+MMDrawerController.h */,
				855EE7721BA658C600BC5556 /* UIViewController+MMDrawerController.m */,
			);
			path = MMDrawerController;
			sourceTree = "<group>";
		};
		855EE7771BA68EE600BC5556 /* set(设置界面) */ = {
			isa = PBXGroup;
			children = (
				855EE7781BA68EE600BC5556 /* Controllers */,
				855EE7791BA68EE600BC5556 /* Models */,
				855EE77A1BA68EE600BC5556 /* Views */,
			);
			path = "set(设置界面)";
			sourceTree = "<group>";
		};
		855EE7781BA68EE600BC5556 /* Controllers */ = {
			isa = PBXGroup;
			children = (
			);
			path = Controllers;
			sourceTree = "<group>";
		};
		855EE7791BA68EE600BC5556 /* Models */ = {
			isa = PBXGroup;
			children = (
			);
			path = Models;
			sourceTree = "<group>";
		};
		855EE77A1BA68EE600BC5556 /* Views */ = {
			isa = PBXGroup;
			children = (
			);
			path = Views;
			sourceTree = "<group>";
		};
		857550461BA5288600CA04B5 /* Weather */ = {
			isa = PBXGroup;
			children = (
				8557F8061BA5572700898945 /* Controllers */,
				857550481BA5288600CA04B5 /* Models */,
				857550491BA5288600CA04B5 /* Views */,
			);
			path = Weather;
			sourceTree = "<group>";
		};
		857550481BA5288600CA04B5 /* Models */ = {
			isa = PBXGroup;
			children = (
				8575504A1BA528A000CA04B5 /* SDWeatherBgM.h */,
				8575504B1BA528A000CA04B5 /* SDWeatherBgM.m */,
				8575504C1BA528A000CA04B5 /* SDWeatherDetailM.h */,
				8575504D1BA528A000CA04B5 /* SDWeatherDetailM.m */,
				8575504E1BA528A000CA04B5 /* SDWeatherModel.h */,
				8575504F1BA528A000CA04B5 /* SDWeatherModel.m */,
			);
			path = Models;
			sourceTree = "<group>";
		};
		857550491BA5288600CA04B5 /* Views */ = {
			isa = PBXGroup;
			children = (
				857550531BA5326600CA04B5 /* SDWeatherView.h */,
				857550541BA5326600CA04B5 /* SDWeatherView.m */,
				857550551BA5326600CA04B5 /* SDWeatherView.xib */,
				857550581BA532BE00CA04B5 /* SDWeatherItemView.h */,
				857550591BA532BE00CA04B5 /* SDWeatherItemView.m */,
				8575505A1BA532BE00CA04B5 /* SDWeatherItemView.xib */,
				8557F8001BA543F400898945 /* SDAnimationView.h */,
				8557F8011BA543F400898945 /* SDAnimationView.m */,
			);
			path = Views;
			sourceTree = "<group>";
		};
		858A109F1BA3D13700F1D017 /* MainNews */ = {
			isa = PBXGroup;
			children = (
				858A10A01BA3D13700F1D017 /* Controllers */,
				858A10A31BA3D13700F1D017 /* Models */,
				858A10A61BA3D13700F1D017 /* Views */,
			);
			path = MainNews;
			sourceTree = "<group>";
		};
		858A10A01BA3D13700F1D017 /* Controllers */ = {
			isa = PBXGroup;
			children = (
				858A10A11BA3D13700F1D017 /* SDNewsTableViewController.h */,
				858A10A21BA3D13700F1D017 /* SDNewsTableViewController.m */,
			);
			path = Controllers;
			sourceTree = "<group>";
		};
		858A10A31BA3D13700F1D017 /* Models */ = {
			isa = PBXGroup;
			children = (
				858A10A41BA3D13700F1D017 /* SDNewsModel.h */,
				858A10A51BA3D13700F1D017 /* SDNewsModel.m */,
			);
			path = Models;
			sourceTree = "<group>";
		};
		858A10A61BA3D13700F1D017 /* Views */ = {
			isa = PBXGroup;
			children = (
				858A10A81BA3D13700F1D017 /* SDNewsCell.h */,
				858A10A91BA3D13700F1D017 /* SDNewsCell.m */,
			);
			path = Views;
			sourceTree = "<group>";
		};
		858A10AE1BA3D16500F1D017 /* DetailNews */ = {
			isa = PBXGroup;
			children = (
				858A10AF1BA3D16500F1D017 /* Controllers */,
				858A10B01BA3D16500F1D017 /* Models */,
				858A10B11BA3D16500F1D017 /* Views */,
			);
			path = DetailNews;
			sourceTree = "<group>";
		};
		858A10AF1BA3D16500F1D017 /* Controllers */ = {
			isa = PBXGroup;
			children = (
				858A10B61BA3D1F100F1D017 /* SDDetailViewController.h */,
				858A10B71BA3D1F100F1D017 /* SDDetailViewController.m */,
			);
			path = Controllers;
			sourceTree = "<group>";
		};
		858A10B01BA3D16500F1D017 /* Models */ = {
			isa = PBXGroup;
			children = (
				858A10B91BA3D5E200F1D017 /* SDDetailModel.h */,
				858A10BA1BA3D5E200F1D017 /* SDDetailModel.m */,
				858A10BC1BA3D68700F1D017 /* SDDetailImgModel.h */,
				858A10BD1BA3D68700F1D017 /* SDDetailImgModel.m */,
			);
			path = Models;
			sourceTree = "<group>";
		};
		858A10B11BA3D16500F1D017 /* Views */ = {
			isa = PBXGroup;
			children = (
			);
			path = Views;
			sourceTree = "<group>";
		};
		858A10C21BA3E19000F1D017 /* ReplyNews */ = {
			isa = PBXGroup;
			children = (
				858A10C31BA3E19000F1D017 /* Controllers */,
				858A10C41BA3E19000F1D017 /* Models */,
				858A10C51BA3E19000F1D017 /* Views */,
			);
			path = ReplyNews;
			sourceTree = "<group>";
		};
		858A10C31BA3E19000F1D017 /* Controllers */ = {
			isa = PBXGroup;
			children = (
				858A10C91BA3F42300F1D017 /* SDReplyViewController.h */,
				858A10CA1BA3F42300F1D017 /* SDReplyViewController.m */,
			);
			path = Controllers;
			sourceTree = "<group>";
		};
		858A10C41BA3E19000F1D017 /* Models */ = {
			isa = PBXGroup;
			children = (
				858A10C61BA3E19F00F1D017 /* SDReplyModel.h */,
				858A10C71BA3E19F00F1D017 /* SDReplyModel.m */,
			);
			path = Models;
			sourceTree = "<group>";
		};
		858A10C51BA3E19000F1D017 /* Views */ = {
			isa = PBXGroup;
			children = (
				858A10CC1BA3F46500F1D017 /* SDReplyCell.h */,
				858A10CD1BA3F46500F1D017 /* SDReplyCell.m */,
				858A10CF1BA4126800F1D017 /* SDReplyHeader.h */,
				858A10D01BA4126800F1D017 /* SDReplyHeader.m */,
				858A10D11BA4126800F1D017 /* SDReplyHeader.xib */,
			);
			path = Views;
			sourceTree = "<group>";
		};
		858A10D41BA4145600F1D017 /* PhotoSet */ = {
			isa = PBXGroup;
			children = (
				858A10D51BA4145600F1D017 /* Controllers */,
				858A10D61BA4145600F1D017 /* Models */,
				858A10D71BA4145600F1D017 /* Views */,
			);
			path = PhotoSet;
			sourceTree = "<group>";
		};
		858A10D51BA4145600F1D017 /* Controllers */ = {
			isa = PBXGroup;
			children = (
				858A10D81BA4148600F1D017 /* SDPhotoSetController.h */,
				858A10D91BA4148600F1D017 /* SDPhotoSetController.m */,
			);
			path = Controllers;
			sourceTree = "<group>";
		};
		858A10D61BA4145600F1D017 /* Models */ = {
			isa = PBXGroup;
			children = (
				858A10DB1BA4214B00F1D017 /* SDPhotosDetail.h */,
				858A10DC1BA4214B00F1D017 /* SDPhotosDetail.m */,
				858A10DD1BA4214B00F1D017 /* SDPhotoSet.h */,
				858A10DE1BA4214B00F1D017 /* SDPhotoSet.m */,
			);
			path = Models;
			sourceTree = "<group>";
		};
		858A10D71BA4145600F1D017 /* Views */ = {
			isa = PBXGroup;
			children = (
			);
			path = Views;
			sourceTree = "<group>";
		};
		85AFE1261BA263DB00988851 = {
			isa = PBXGroup;
			children = (
				85AFE1311BA263DB00988851 /* 新闻速递 */,
				85AFE14B1BA263DB00988851 /* 新闻速递Tests */,
				85AFE1301BA263DB00988851 /* Products */,
			);
			sourceTree = "<group>";
		};
		85AFE1301BA263DB00988851 /* Products */ = {
			isa = PBXGroup;
			children = (
				85AFE12F1BA263DB00988851 /* 新闻速递.app */,
				85AFE1481BA263DB00988851 /* 新闻速递Tests.xctest */,
			);
			name = Products;
			sourceTree = "<group>";
		};
		85AFE1311BA263DB00988851 /* 新闻速递 */ = {
			isa = PBXGroup;
			children = (
				85AFE1631BA265A200988851 /* others */,
				85AFE1581BA264FC00988851 /* Classes */,
				85AFE1321BA263DB00988851 /* Supporting Files */,
			);
			path = "新闻速递";
			sourceTree = "<group>";
		};
		85AFE1321BA263DB00988851 /* Supporting Files */ = {
			isa = PBXGroup;
			children = (
				85AFE1411BA263DB00988851 /* LaunchScreen.xib */,
				85AFE13F1BA263DB00988851 /* Images.xcassets */,
				85AFE1871BA278B200988851 /* HYQiHei-50J.ttf */,
				85AFE17B1BA26AC600988851 /* NewsURLs.plist */,
				85AFE1331BA263DB00988851 /* Info.plist */,
			);
			name = "Supporting Files";
			sourceTree = "<group>";
		};
		85AFE14B1BA263DB00988851 /* 新闻速递Tests */ = {
			isa = PBXGroup;
			children = (
				85AFE14E1BA263DB00988851 /* ____Tests.m */,
				85AFE14C1BA263DB00988851 /* Supporting Files */,
			);
			path = "新闻速递Tests";
			sourceTree = "<group>";
		};
		85AFE14C1BA263DB00988851 /* Supporting Files */ = {
			isa = PBXGroup;
			children = (
				85AFE14D1BA263DB00988851 /* Info.plist */,
			);
			name = "Supporting Files";
			sourceTree = "<group>";
		};
		85AFE1581BA264FC00988851 /* Classes */ = {
			isa = PBXGroup;
			children = (
				85AFE1591BA264FC00988851 /* 新闻主界面 */,
				855EE7771BA68EE600BC5556 /* set(设置界面) */,
				857550461BA5288600CA04B5 /* Weather */,
				85AFE1831BA2743700988851 /* News */,
				85AFE1691BA2661600988851 /* Categorys */,
				85AFE16A1BA2661600988851 /* Libs */,
				85AFE16B1BA2661600988851 /* Tools */,
			);
			path = Classes;
			sourceTree = "<group>";
		};
		85AFE1591BA264FC00988851 /* 新闻主界面 */ = {
			isa = PBXGroup;
			children = (
				85AFE1601BA2659400988851 /* Controllers */,
				85AFE1621BA2659400988851 /* Views */,
			);
			path = "新闻主界面";
			sourceTree = "<group>";
		};
		85AFE1601BA2659400988851 /* Controllers */ = {
			isa = PBXGroup;
			children = (
				8557F8121BA5745300898945 /* SDLeftViewController.h */,
				8557F8131BA5745300898945 /* SDLeftViewController.m */,
				85AFE16C1BA266A900988851 /* SDNavigationController.h */,
				85AFE16D1BA266A900988851 /* SDNavigationController.m */,
				85AFE16F1BA267CE00988851 /* SDMainViewController.h */,
				85AFE1701BA267CE00988851 /* SDMainViewController.m */,
			);
			path = Controllers;
			sourceTree = "<group>";
		};
		85AFE1621BA2659400988851 /* Views */ = {
			isa = PBXGroup;
			children = (
				85AFE17D1BA26EE200988851 /* SDTitleLabel.h */,
				85AFE17E1BA26EE200988851 /* SDTitleLabel.m */,
			);
			path = Views;
			sourceTree = "<group>";
		};
		85AFE1631BA265A200988851 /* others */ = {
			isa = PBXGroup;
			children = (
				85AFE1641BA265A200988851 /* AppDelegate.h */,
				85AFE1651BA265A200988851 /* AppDelegate.m */,
				85AFE1661BA265A200988851 /* main.m */,
				85AFE1801BA26FAB00988851 /* SDCount.h */,
				85AFE1811BA26FAB00988851 /* SDCount.m */,
			);
			path = others;
			sourceTree = "<group>";
		};
		85AFE1691BA2661600988851 /* Categorys */ = {
			isa = PBXGroup;
			children = (
				85AFE1781BA2699500988851 /* NSArray+Log.h */,
				85AFE1791BA2699500988851 /* NSArray+Log.m */,
				85AFE1741BA2698000988851 /* UIView+Extension.h */,
				85AFE1751BA2698000988851 /* UIView+Extension.m */,
			);
			path = Categorys;
			sourceTree = "<group>";
		};
		85AFE16A1BA2661600988851 /* Libs */ = {
			isa = PBXGroup;
			children = (
				855EE7691BA658C600BC5556 /* MMDrawerController */,
				85E1E5721BA30BA1005BEF7B /* Masonry */,
				85E1E5671BA2F247005BEF7B /* MBProgressHUD */,
				85E1E4DB1BA2C340005BEF7B /* AFNetworking */,
				85E1E4EF1BA2C340005BEF7B /* FDFullscreenPopGesture */,
				85E1E4F21BA2C340005BEF7B /* MJExtension */,
				85E1E5041BA2C340005BEF7B /* MJRefresh */,
				85E1E5151BA2C340005BEF7B /* SDWebImage */,
			);
			path = Libs;
			sourceTree = "<group>";
		};
		85AFE16B1BA2661600988851 /* Tools */ = {
			isa = PBXGroup;
			children = (
				858A10BF1BA3DABC00F1D017 /* SDHTTPManager.h */,
				858A10C01BA3DABC00F1D017 /* SDHTTPManager.m */,
				85E1E5611BA2C752005BEF7B /* SDNetWorkTool.h */,
				85E1E5621BA2C752005BEF7B /* SDNetWorkTool.m */,
			);
			path = Tools;
			sourceTree = "<group>";
		};
		85AFE1831BA2743700988851 /* News */ = {
			isa = PBXGroup;
			children = (
				858A10B41BA3D19C00F1D017 /* SDNews.storyboard */,
				858A109F1BA3D13700F1D017 /* MainNews */,
				858A10AE1BA3D16500F1D017 /* DetailNews */,
				858A10C21BA3E19000F1D017 /* ReplyNews */,
				858A10D41BA4145600F1D017 /* PhotoSet */,
			);
			path = News;
			sourceTree = "<group>";
		};
		85E1E4DB1BA2C340005BEF7B /* AFNetworking */ = {
			isa = PBXGroup;
			children = (
				85E1E4DC1BA2C340005BEF7B /* AFHTTPRequestOperation.h */,
				85E1E4DD1BA2C340005BEF7B /* AFHTTPRequestOperation.m */,
				85E1E4DE1BA2C340005BEF7B /* AFHTTPRequestOperationManager.h */,
				85E1E4DF1BA2C340005BEF7B /* AFHTTPRequestOperationManager.m */,
				85E1E4E01BA2C340005BEF7B /* AFHTTPSessionManager.h */,
				85E1E4E11BA2C340005BEF7B /* AFHTTPSessionManager.m */,
				85E1E4E21BA2C340005BEF7B /* AFNetworking.h */,
				85E1E4E31BA2C340005BEF7B /* AFNetworkReachabilityManager.h */,
				85E1E4E41BA2C340005BEF7B /* AFNetworkReachabilityManager.m */,
				85E1E4E51BA2C340005BEF7B /* AFSecurityPolicy.h */,
				85E1E4E61BA2C340005BEF7B /* AFSecurityPolicy.m */,
				85E1E4E71BA2C340005BEF7B /* AFURLConnectionOperation.h */,
				85E1E4E81BA2C340005BEF7B /* AFURLConnectionOperation.m */,
				85E1E4E91BA2C340005BEF7B /* AFURLRequestSerialization.h */,
				85E1E4EA1BA2C340005BEF7B /* AFURLRequestSerialization.m */,
				85E1E4EB1BA2C340005BEF7B /* AFURLResponseSerialization.h */,
				85E1E4EC1BA2C340005BEF7B /* AFURLResponseSerialization.m */,
				85E1E4ED1BA2C340005BEF7B /* AFURLSessionManager.h */,
				85E1E4EE1BA2C340005BEF7B /* AFURLSessionManager.m */,
			);
			path = AFNetworking;
			sourceTree = "<group>";
		};
		85E1E4EF1BA2C340005BEF7B /* FDFullscreenPopGesture */ = {
			isa = PBXGroup;
			children = (
				85E1E4F01BA2C340005BEF7B /* UINavigationController+FDFullscreenPopGesture.h */,
				85E1E4F11BA2C340005BEF7B /* UINavigationController+FDFullscreenPopGesture.m */,
			);
			path = FDFullscreenPopGesture;
			sourceTree = "<group>";
		};
		85E1E4F21BA2C340005BEF7B /* MJExtension */ = {
			isa = PBXGroup;
			children = (
				85E1E4F31BA2C340005BEF7B /* MJExtension.h */,
				85E1E4F41BA2C340005BEF7B /* MJExtensionConst.h */,
				85E1E4F51BA2C340005BEF7B /* MJExtensionConst.m */,
				85E1E4F61BA2C340005BEF7B /* MJFoundation.h */,
				85E1E4F71BA2C340005BEF7B /* MJFoundation.m */,
				85E1E4F81BA2C340005BEF7B /* MJProperty.h */,
				85E1E4F91BA2C340005BEF7B /* MJProperty.m */,
				85E1E4FA1BA2C340005BEF7B /* MJType.h */,
				85E1E4FB1BA2C340005BEF7B /* MJType.m */,
				85E1E4FC1BA2C340005BEF7B /* NSObject+MJCoding.h */,
				85E1E4FD1BA2C340005BEF7B /* NSObject+MJCoding.m */,
				85E1E4FE1BA2C340005BEF7B /* NSObject+MJKeyValue.h */,
				85E1E4FF1BA2C340005BEF7B /* NSObject+MJKeyValue.m */,
				85E1E5001BA2C340005BEF7B /* NSObject+MJProperty.h */,
				85E1E5011BA2C340005BEF7B /* NSObject+MJProperty.m */,
				85E1E5021BA2C340005BEF7B /* NSString+MJExtension.h */,
				85E1E5031BA2C340005BEF7B /* NSString+MJExtension.m */,
			);
			path = MJExtension;
			sourceTree = "<group>";
		};
		85E1E5041BA2C340005BEF7B /* MJRefresh */ = {
			isa = PBXGroup;
			children = (
				85E1E5051BA2C340005BEF7B /* MJRefresh.bundle */,
				85E1E5061BA2C340005BEF7B /* MJRefresh.h */,
				85E1E5071BA2C340005BEF7B /* MJRefreshBaseView.h */,
				85E1E5081BA2C340005BEF7B /* MJRefreshBaseView.m */,
				85E1E5091BA2C340005BEF7B /* MJRefreshConst.h */,
				85E1E50A1BA2C340005BEF7B /* MJRefreshConst.m */,
				85E1E50B1BA2C340005BEF7B /* MJRefreshFooterView.h */,
				85E1E50C1BA2C340005BEF7B /* MJRefreshFooterView.m */,
				85E1E50D1BA2C340005BEF7B /* MJRefreshHeaderView.h */,
				85E1E50E1BA2C340005BEF7B /* MJRefreshHeaderView.m */,
				85E1E50F1BA2C340005BEF7B /* UIScrollView+MJExtension.h */,
				85E1E5101BA2C340005BEF7B /* UIScrollView+MJExtension.m */,
				85E1E5111BA2C340005BEF7B /* UIScrollView+MJRefresh.h */,
				85E1E5121BA2C340005BEF7B /* UIScrollView+MJRefresh.m */,
				85E1E5131BA2C340005BEF7B /* UIView+MJExtension.h */,
				85E1E5141BA2C340005BEF7B /* UIView+MJExtension.m */,
			);
			path = MJRefresh;
			sourceTree = "<group>";
		};
		85E1E5151BA2C340005BEF7B /* SDWebImage */ = {
			isa = PBXGroup;
			children = (
				85E1E5161BA2C340005BEF7B /* MKAnnotationView+WebCache.h */,
				85E1E5171BA2C340005BEF7B /* MKAnnotationView+WebCache.m */,
				85E1E5181BA2C340005BEF7B /* NSData+ImageContentType.h */,
				85E1E5191BA2C340005BEF7B /* NSData+ImageContentType.m */,
				85E1E51A1BA2C340005BEF7B /* SDImageCache.h */,
				85E1E51B1BA2C340005BEF7B /* SDImageCache.m */,
				85E1E51C1BA2C340005BEF7B /* SDWebImageCompat.h */,
				85E1E51D1BA2C340005BEF7B /* SDWebImageCompat.m */,
				85E1E51E1BA2C340005BEF7B /* SDWebImageDecoder.h */,
				85E1E51F1BA2C340005BEF7B /* SDWebImageDecoder.m */,
				85E1E5201BA2C340005BEF7B /* SDWebImageDownloader.h */,
				85E1E5211BA2C340005BEF7B /* SDWebImageDownloader.m */,
				85E1E5221BA2C340005BEF7B /* SDWebImageDownloaderOperation.h */,
				85E1E5231BA2C340005BEF7B /* SDWebImageDownloaderOperation.m */,
				85E1E5241BA2C340005BEF7B /* SDWebImageManager.h */,
				85E1E5251BA2C340005BEF7B /* SDWebImageManager.m */,
				85E1E5261BA2C340005BEF7B /* SDWebImageOperation.h */,
				85E1E5271BA2C340005BEF7B /* SDWebImagePrefetcher.h */,
				85E1E5281BA2C340005BEF7B /* SDWebImagePrefetcher.m */,
				85E1E5291BA2C340005BEF7B /* UIButton+WebCache.h */,
				85E1E52A1BA2C340005BEF7B /* UIButton+WebCache.m */,
				85E1E52B1BA2C340005BEF7B /* UIImage+GIF.h */,
				85E1E52C1BA2C340005BEF7B /* UIImage+GIF.m */,
				85E1E52D1BA2C340005BEF7B /* UIImage+MultiFormat.h */,
				85E1E52E1BA2C340005BEF7B /* UIImage+MultiFormat.m */,
				85E1E52F1BA2C340005BEF7B /* UIImage+WebP.h */,
				85E1E5301BA2C340005BEF7B /* UIImage+WebP.m */,
				85E1E5311BA2C340005BEF7B /* UIImageView+HighlightedWebCache.h */,
				85E1E5321BA2C340005BEF7B /* UIImageView+HighlightedWebCache.m */,
				85E1E5331BA2C340005BEF7B /* UIImageView+WebCache.h */,
				85E1E5341BA2C340005BEF7B /* UIImageView+WebCache.m */,
				85E1E5351BA2C340005BEF7B /* UIView+WebCacheOperation.h */,
				85E1E5361BA2C340005BEF7B /* UIView+WebCacheOperation.m */,
			);
			path = SDWebImage;
			sourceTree = "<group>";
		};
		85E1E5671BA2F247005BEF7B /* MBProgressHUD */ = {
			isa = PBXGroup;
			children = (
				85E1E5681BA2F247005BEF7B /* MBProgressHUD+MJ.h */,
				85E1E5691BA2F247005BEF7B /* MBProgressHUD+MJ.m */,
				85E1E56A1BA2F247005BEF7B /* MBProgressHUD.bundle */,
				85E1E56B1BA2F247005BEF7B /* MBProgressHUD.h */,
				85E1E56C1BA2F247005BEF7B /* MBProgressHUD.m */,
			);
			path = MBProgressHUD;
			sourceTree = "<group>";
		};
		85E1E5721BA30BA1005BEF7B /* Masonry */ = {
			isa = PBXGroup;
			children = (
				85E1E5731BA30BA1005BEF7B /* Info.plist */,
				85E1E5741BA30BA1005BEF7B /* MASCompositeConstraint.h */,
				85E1E5751BA30BA1005BEF7B /* MASCompositeConstraint.m */,
				85E1E5761BA30BA1005BEF7B /* MASConstraint+Private.h */,
				85E1E5771BA30BA1005BEF7B /* MASConstraint.h */,
				85E1E5781BA30BA1005BEF7B /* MASConstraint.m */,
				85E1E5791BA30BA1005BEF7B /* MASConstraintMaker.h */,
				85E1E57A1BA30BA1005BEF7B /* MASConstraintMaker.m */,
				85E1E57B1BA30BA1005BEF7B /* MASLayoutConstraint.h */,
				85E1E57C1BA30BA1005BEF7B /* MASLayoutConstraint.m */,
				85E1E57D1BA30BA1005BEF7B /* Masonry.h */,
				85E1E57E1BA30BA1005BEF7B /* MASUtilities.h */,
				85E1E57F1BA30BA1005BEF7B /* MASViewAttribute.h */,
				85E1E5801BA30BA1005BEF7B /* MASViewAttribute.m */,
				85E1E5811BA30BA1005BEF7B /* MASViewConstraint.h */,
				85E1E5821BA30BA1005BEF7B /* MASViewConstraint.m */,
				85E1E5831BA30BA1005BEF7B /* NSArray+MASAdditions.h */,
				85E1E5841BA30BA1005BEF7B /* NSArray+MASAdditions.m */,
				85E1E5851BA30BA1005BEF7B /* NSArray+MASShorthandAdditions.h */,
				85E1E5861BA30BA1005BEF7B /* NSLayoutConstraint+MASDebugAdditions.h */,
				85E1E5871BA30BA1005BEF7B /* NSLayoutConstraint+MASDebugAdditions.m */,
				85E1E5881BA30BA1005BEF7B /* View+MASAdditions.h */,
				85E1E5891BA30BA1005BEF7B /* View+MASAdditions.m */,
				85E1E58A1BA30BA1005BEF7B /* View+MASShorthandAdditions.h */,
				85E1E58B1BA30BA1005BEF7B /* ViewController+MASAdditions.h */,
				85E1E58C1BA30BA1005BEF7B /* ViewController+MASAdditions.m */,
			);
			path = Masonry;
			sourceTree = "<group>";
		};
/* End PBXGroup section */

/* Begin PBXNativeTarget section */
		85AFE12E1BA263DB00988851 /* 新闻速递 */ = {
			isa = PBXNativeTarget;
			buildConfigurationList = 85AFE1521BA263DB00988851 /* Build configuration list for PBXNativeTarget "新闻速递" */;
			buildPhases = (
				85AFE12B1BA263DB00988851 /* Sources */,
				85AFE12C1BA263DB00988851 /* Frameworks */,
				85AFE12D1BA263DB00988851 /* Resources */,
			);
			buildRules = (
			);
			dependencies = (
			);
			name = "新闻速递";
			productName = "新闻速递";
			productReference = 85AFE12F1BA263DB00988851 /* 新闻速递.app */;
			productType = "com.apple.product-type.application";
		};
		85AFE1471BA263DB00988851 /* 新闻速递Tests */ = {
			isa = PBXNativeTarget;
			buildConfigurationList = 85AFE1551BA263DB00988851 /* Build configuration list for PBXNativeTarget "新闻速递Tests" */;
			buildPhases = (
				85AFE1441BA263DB00988851 /* Sources */,
				85AFE1451BA263DB00988851 /* Frameworks */,
				85AFE1461BA263DB00988851 /* Resources */,
			);
			buildRules = (
			);
			dependencies = (
				85AFE14A1BA263DB00988851 /* PBXTargetDependency */,
			);
			name = "新闻速递Tests";
			productName = "新闻速递Tests";
			productReference = 85AFE1481BA263DB00988851 /* 新闻速递Tests.xctest */;
			productType = "com.apple.product-type.bundle.unit-test";
		};
/* End PBXNativeTarget section */

/* Begin PBXProject section */
		85AFE1271BA263DB00988851 /* Project object */ = {
			isa = PBXProject;
			attributes = {
				CLASSPREFIX = SD;
				LastUpgradeCheck = 0630;
				ORGANIZATIONNAME = tarena;
				TargetAttributes = {
					85AFE12E1BA263DB00988851 = {
						CreatedOnToolsVersion = 6.3;
						DevelopmentTeam = G56568L74Z;
					};
					85AFE1471BA263DB00988851 = {
						CreatedOnToolsVersion = 6.3;
						TestTargetID = 85AFE12E1BA263DB00988851;
					};
				};
			};
			buildConfigurationList = 85AFE12A1BA263DB00988851 /* Build configuration list for PBXProject "新闻速递" */;
			compatibilityVersion = "Xcode 3.2";
			developmentRegion = English;
			hasScannedForEncodings = 0;
			knownRegions = (
				en,
				Base,
			);
			mainGroup = 85AFE1261BA263DB00988851;
			productRefGroup = 85AFE1301BA263DB00988851 /* Products */;
			projectDirPath = "";
			projectRoot = "";
			targets = (
				85AFE12E1BA263DB00988851 /* 新闻速递 */,
				85AFE1471BA263DB00988851 /* 新闻速递Tests */,
			);
		};
/* End PBXProject section */

/* Begin PBXResourcesBuildPhase section */
		85AFE12D1BA263DB00988851 /* Resources */ = {
			isa = PBXResourcesBuildPhase;
			buildActionMask = 2147483647;
			files = (
				85AFE17C1BA26AC600988851 /* NewsURLs.plist in Resources */,
				8575505C1BA532BE00CA04B5 /* SDWeatherItemView.xib in Resources */,
				85E1E5491BA2C340005BEF7B /* MJRefresh.bundle in Resources */,
				858A10D31BA4126800F1D017 /* SDReplyHeader.xib in Resources */,
				857550571BA5326600CA04B5 /* SDWeatherView.xib in Resources */,
				85AFE1431BA263DB00988851 /* LaunchScreen.xib in Resources */,
				858A10B51BA3D19C00F1D017 /* SDNews.storyboard in Resources */,
				8557F80B1BA5573500898945 /* SDWeatherDetailVC.xib in Resources */,
				85AFE1401BA263DB00988851 /* Images.xcassets in Resources */,
				85E1E56E1BA2F247005BEF7B /* MBProgressHUD.bundle in Resources */,
				85E1E58D1BA30BA1005BEF7B /* Info.plist in Resources */,
			);
			runOnlyForDeploymentPostprocessing = 0;
		};
		85AFE1461BA263DB00988851 /* Resources */ = {
			isa = PBXResourcesBuildPhase;
			buildActionMask = 2147483647;
			files = (
			);
			runOnlyForDeploymentPostprocessing = 0;
		};
/* End PBXResourcesBuildPhase section */

/* Begin PBXSourcesBuildPhase section */
		85AFE12B1BA263DB00988851 /* Sources */ = {
			isa = PBXSourcesBuildPhase;
			buildActionMask = 2147483647;
			files = (
				85E1E5401BA2C340005BEF7B /* UINavigationController+FDFullscreenPopGesture.m in Sources */,
				85E1E53D1BA2C340005BEF7B /* AFURLRequestSerialization.m in Sources */,
				85E1E5951BA30BA1005BEF7B /* NSLayoutConstraint+MASDebugAdditions.m in Sources */,
				85E1E5931BA30BA1005BEF7B /* MASViewConstraint.m in Sources */,
				85E1E55F1BA2C340005BEF7B /* UIImageView+WebCache.m in Sources */,
				85E1E5571BA2C340005BEF7B /* SDWebImageDownloaderOperation.m in Sources */,
				8557F8021BA543F400898945 /* SDAnimationView.m in Sources */,
				85E1E53C1BA2C340005BEF7B /* AFURLConnectionOperation.m in Sources */,
				85E1E5921BA30BA1005BEF7B /* MASViewAttribute.m in Sources */,
				858A10AA1BA3D13700F1D017 /* SDNewsTableViewController.m in Sources */,
				855EE7741BA658C600BC5556 /* MMDrawerController.m in Sources */,
				85E1E55D1BA2C340005BEF7B /* UIImage+WebP.m in Sources */,
				858A10DF1BA4214B00F1D017 /* SDPhotosDetail.m in Sources */,
				858A10BB1BA3D5E200F1D017 /* SDDetailModel.m in Sources */,
				85E1E5461BA2C340005BEF7B /* NSObject+MJKeyValue.m in Sources */,
				85E1E5541BA2C340005BEF7B /* SDWebImageCompat.m in Sources */,
				85AFE1771BA2698000988851 /* UIView+Extension.m in Sources */,
				858A10AB1BA3D13700F1D017 /* SDNewsModel.m in Sources */,
				857550561BA5326600CA04B5 /* SDWeatherView.m in Sources */,
				85E1E54A1BA2C340005BEF7B /* MJRefreshBaseView.m in Sources */,
				85E1E5591BA2C340005BEF7B /* SDWebImagePrefetcher.m in Sources */,
				85E1E5901BA30BA1005BEF7B /* MASConstraintMaker.m in Sources */,
				85E1E5531BA2C340005BEF7B /* SDImageCache.m in Sources */,
				85E1E5631BA2C752005BEF7B /* SDNetWorkTool.m in Sources */,
				85E1E53F1BA2C340005BEF7B /* AFURLSessionManager.m in Sources */,
				858A10BE1BA3D68700F1D017 /* SDDetailImgModel.m in Sources */,
				85AFE17A1BA2699500988851 /* NSArray+Log.m in Sources */,
				858A10AD1BA3D13700F1D017 /* SDNewsCell.m in Sources */,
				85E1E5551BA2C340005BEF7B /* SDWebImageDecoder.m in Sources */,
				85E1E5971BA30BA1005BEF7B /* ViewController+MASAdditions.m in Sources */,
				85AFE17F1BA26EE200988851 /* SDTitleLabel.m in Sources */,
				85E1E55E1BA2C340005BEF7B /* UIImageView+HighlightedWebCache.m in Sources */,
				8557F8141BA5745300898945 /* SDLeftViewController.m in Sources */,
				858A10B81BA3D1F100F1D017 /* SDDetailViewController.m in Sources */,
				8575505B1BA532BE00CA04B5 /* SDWeatherItemView.m in Sources */,
				858A10C11BA3DABC00F1D017 /* SDHTTPManager.m in Sources */,
				85E1E56F1BA2F247005BEF7B /* MBProgressHUD.m in Sources */,
				85E1E54F1BA2C340005BEF7B /* UIScrollView+MJRefresh.m in Sources */,
				85E1E5911BA30BA1005BEF7B /* MASLayoutConstraint.m in Sources */,
				85E1E54E1BA2C340005BEF7B /* UIScrollView+MJExtension.m in Sources */,
				85E1E5431BA2C340005BEF7B /* MJProperty.m in Sources */,
				85E1E53B1BA2C340005BEF7B /* AFSecurityPolicy.m in Sources */,
				85E1E5441BA2C340005BEF7B /* MJType.m in Sources */,
				857550511BA528A000CA04B5 /* SDWeatherDetailM.m in Sources */,
				85E1E55C1BA2C340005BEF7B /* UIImage+MultiFormat.m in Sources */,
				857550501BA528A000CA04B5 /* SDWeatherBgM.m in Sources */,
				855EE7761BA658C600BC5556 /* UIViewController+MMDrawerController.m in Sources */,
				85E1E5511BA2C340005BEF7B /* MKAnnotationView+WebCache.m in Sources */,
				85E1E5371BA2C340005BEF7B /* AFHTTPRequestOperation.m in Sources */,
				85E1E5451BA2C340005BEF7B /* NSObject+MJCoding.m in Sources */,
				85E1E55B1BA2C340005BEF7B /* UIImage+GIF.m in Sources */,
				855EE7731BA658C600BC5556 /* MMDrawerBarButtonItem.m in Sources */,
				85E1E5941BA30BA1005BEF7B /* NSArray+MASAdditions.m in Sources */,
				85E1E5601BA2C340005BEF7B /* UIView+WebCacheOperation.m in Sources */,
				85E1E5581BA2C340005BEF7B /* SDWebImageManager.m in Sources */,
				858A10D21BA4126800F1D017 /* SDReplyHeader.m in Sources */,
				85E1E5471BA2C340005BEF7B /* NSObject+MJProperty.m in Sources */,
				858A10E01BA4214B00F1D017 /* SDPhotoSet.m in Sources */,
				85AFE1711BA267CE00988851 /* SDMainViewController.m in Sources */,
				858A10CE1BA3F46500F1D017 /* SDReplyCell.m in Sources */,
				85E1E54B1BA2C340005BEF7B /* MJRefreshConst.m in Sources */,
				858A10DA1BA4148600F1D017 /* SDPhotoSetController.m in Sources */,
				85E1E5391BA2C340005BEF7B /* AFHTTPSessionManager.m in Sources */,
				85E1E5481BA2C340005BEF7B /* NSString+MJExtension.m in Sources */,
				85AFE16E1BA266A900988851 /* SDNavigationController.m in Sources */,
				85E1E58F1BA30BA1005BEF7B /* MASConstraint.m in Sources */,
				85E1E5501BA2C340005BEF7B /* UIView+MJExtension.m in Sources */,
				85E1E54D1BA2C340005BEF7B /* MJRefreshHeaderView.m in Sources */,
				85E1E5381BA2C340005BEF7B /* AFHTTPRequestOperationManager.m in Sources */,
				855EE7751BA658C600BC5556 /* MMDrawerVisualState.m in Sources */,
				85E1E5421BA2C340005BEF7B /* MJFoundation.m in Sources */,
				857550521BA528A000CA04B5 /* SDWeatherModel.m in Sources */,
				85E1E56D1BA2F247005BEF7B /* MBProgressHUD+MJ.m in Sources */,
				85E1E5521BA2C340005BEF7B /* NSData+ImageContentType.m in Sources */,
				85E1E5961BA30BA1005BEF7B /* View+MASAdditions.m in Sources */,
				85AFE1821BA26FAB00988851 /* SDCount.m in Sources */,
				85E1E54C1BA2C340005BEF7B /* MJRefreshFooterView.m in Sources */,
				85E1E55A1BA2C340005BEF7B /* UIButton+WebCache.m in Sources */,
				85AFE1681BA265A200988851 /* main.m in Sources */,
				858A10C81BA3E19F00F1D017 /* SDReplyModel.m in Sources */,
				8557F80A1BA5573500898945 /* SDWeatherDetailVC.m in Sources */,
				85E1E5561BA2C340005BEF7B /* SDWebImageDownloader.m in Sources */,
				85E1E53A1BA2C340005BEF7B /* AFNetworkReachabilityManager.m in Sources */,
				85E1E58E1BA30BA1005BEF7B /* MASCompositeConstraint.m in Sources */,
				85E1E53E1BA2C340005BEF7B /* AFURLResponseSerialization.m in Sources */,
				858A10CB1BA3F42300F1D017 /* SDReplyViewController.m in Sources */,
				85E1E5411BA2C340005BEF7B /* MJExtensionConst.m in Sources */,
				85AFE1671BA265A200988851 /* AppDelegate.m in Sources */,
			);
			runOnlyForDeploymentPostprocessing = 0;
		};
		85AFE1441BA263DB00988851 /* Sources */ = {
			isa = PBXSourcesBuildPhase;
			buildActionMask = 2147483647;
			files = (
				85AFE14F1BA263DB00988851 /* ____Tests.m in Sources */,
			);
			runOnlyForDeploymentPostprocessing = 0;
		};
/* End PBXSourcesBuildPhase section */

/* Begin PBXTargetDependency section */
		85AFE14A1BA263DB00988851 /* PBXTargetDependency */ = {
			isa = PBXTargetDependency;
			target = 85AFE12E1BA263DB00988851 /* 新闻速递 */;
			targetProxy = 85AFE1491BA263DB00988851 /* PBXContainerItemProxy */;
		};
/* End PBXTargetDependency section */

/* Begin PBXVariantGroup section */
		85AFE1411BA263DB00988851 /* LaunchScreen.xib */ = {
			isa = PBXVariantGroup;
			children = (
				85AFE1421BA263DB00988851 /* Base */,
			);
			name = LaunchScreen.xib;
			sourceTree = "<group>";
		};
/* End PBXVariantGroup section */

/* Begin XCBuildConfiguration section */
		85AFE1501BA263DB00988851 /* Debug */ = {
			isa = XCBuildConfiguration;
			buildSettings = {
				ALWAYS_SEARCH_USER_PATHS = NO;
				CLANG_CXX_LANGUAGE_STANDARD = "gnu++0x";
				CLANG_CXX_LIBRARY = "libc++";
				CLANG_ENABLE_MODULES = YES;
				CLANG_ENABLE_OBJC_ARC = YES;
				CLANG_WARN_BOOL_CONVERSION = YES;
				CLANG_WARN_CONSTANT_CONVERSION = YES;
				CLANG_WARN_DIRECT_OBJC_ISA_USAGE = YES_ERROR;
				CLANG_WARN_EMPTY_BODY = YES;
				CLANG_WARN_ENUM_CONVERSION = YES;
				CLANG_WARN_INT_CONVERSION = YES;
				CLANG_WARN_OBJC_ROOT_CLASS = YES_ERROR;
				CLANG_WARN_UNREACHABLE_CODE = YES;
				CLANG_WARN__DUPLICATE_METHOD_MATCH = YES;
				"CODE_SIGN_IDENTITY[sdk=iphoneos*]" = "iPhone Developer";
				COPY_PHASE_STRIP = NO;
				DEBUG_INFORMATION_FORMAT = "dwarf-with-dsym";
				ENABLE_STRICT_OBJC_MSGSEND = YES;
				GCC_C_LANGUAGE_STANDARD = gnu99;
				GCC_DYNAMIC_NO_PIC = NO;
				GCC_NO_COMMON_BLOCKS = YES;
				GCC_OPTIMIZATION_LEVEL = 0;
				GCC_PREPROCESSOR_DEFINITIONS = (
					"DEBUG=1",
					"$(inherited)",
				);
				GCC_SYMBOLS_PRIVATE_EXTERN = NO;
				GCC_WARN_64_TO_32_BIT_CONVERSION = YES;
				GCC_WARN_ABOUT_RETURN_TYPE = YES_ERROR;
				GCC_WARN_UNDECLARED_SELECTOR = YES;
				GCC_WARN_UNINITIALIZED_AUTOS = YES_AGGRESSIVE;
				GCC_WARN_UNUSED_FUNCTION = YES;
				GCC_WARN_UNUSED_VARIABLE = YES;
				IPHONEOS_DEPLOYMENT_TARGET = 8.3;
				MTL_ENABLE_DEBUG_INFO = YES;
				ONLY_ACTIVE_ARCH = YES;
				SDKROOT = iphoneos;
			};
			name = Debug;
		};
		85AFE1511BA263DB00988851 /* Release */ = {
			isa = XCBuildConfiguration;
			buildSettings = {
				ALWAYS_SEARCH_USER_PATHS = NO;
				CLANG_CXX_LANGUAGE_STANDARD = "gnu++0x";
				CLANG_CXX_LIBRARY = "libc++";
				CLANG_ENABLE_MODULES = YES;
				CLANG_ENABLE_OBJC_ARC = YES;
				CLANG_WARN_BOOL_CONVERSION = YES;
				CLANG_WARN_CONSTANT_CONVERSION = YES;
				CLANG_WARN_DIRECT_OBJC_ISA_USAGE = YES_ERROR;
				CLANG_WARN_EMPTY_BODY = YES;
				CLANG_WARN_ENUM_CONVERSION = YES;
				CLANG_WARN_INT_CONVERSION = YES;
				CLANG_WARN_OBJC_ROOT_CLASS = YES_ERROR;
				CLANG_WARN_UNREACHABLE_CODE = YES;
				CLANG_WARN__DUPLICATE_METHOD_MATCH = YES;
				"CODE_SIGN_IDENTITY[sdk=iphoneos*]" = "iPhone Developer";
				COPY_PHASE_STRIP = NO;
				DEBUG_INFORMATION_FORMAT = "dwarf-with-dsym";
				ENABLE_NS_ASSERTIONS = NO;
				ENABLE_STRICT_OBJC_MSGSEND = YES;
				GCC_C_LANGUAGE_STANDARD = gnu99;
				GCC_NO_COMMON_BLOCKS = YES;
				GCC_WARN_64_TO_32_BIT_CONVERSION = YES;
				GCC_WARN_ABOUT_RETURN_TYPE = YES_ERROR;
				GCC_WARN_UNDECLARED_SELECTOR = YES;
				GCC_WARN_UNINITIALIZED_AUTOS = YES_AGGRESSIVE;
				GCC_WARN_UNUSED_FUNCTION = YES;
				GCC_WARN_UNUSED_VARIABLE = YES;
				IPHONEOS_DEPLOYMENT_TARGET = 8.3;
				MTL_ENABLE_DEBUG_INFO = NO;
				SDKROOT = iphoneos;
				VALIDATE_PRODUCT = YES;
			};
			name = Release;
		};
		85AFE1531BA263DB00988851 /* Debug */ = {
			isa = XCBuildConfiguration;
			buildSettings = {
				ASSETCATALOG_COMPILER_APPICON_NAME = AppIcon;
				CODE_SIGN_IDENTITY = "iPhone Developer";
				"CODE_SIGN_IDENTITY[sdk=iphoneos*]" = "iPhone Developer";
				INFOPLIST_FILE = "新闻速递/Info.plist";
				IPHONEOS_DEPLOYMENT_TARGET = 7.0;
				LD_RUNPATH_SEARCH_PATHS = "$(inherited) @executable_path/Frameworks";
				PRODUCT_BUNDLE_IDENTIFIER = com.tarena.fastNews;
				PRODUCT_NAME = "$(TARGET_NAME)";
				PROVISIONING_PROFILE = "";
			};
			name = Debug;
		};
		85AFE1541BA263DB00988851 /* Release */ = {
			isa = XCBuildConfiguration;
			buildSettings = {
				ASSETCATALOG_COMPILER_APPICON_NAME = AppIcon;
				CODE_SIGN_IDENTITY = "iPhone Developer";
				"CODE_SIGN_IDENTITY[sdk=iphoneos*]" = "iPhone Developer";
				INFOPLIST_FILE = "新闻速递/Info.plist";
				IPHONEOS_DEPLOYMENT_TARGET = 7.0;
				LD_RUNPATH_SEARCH_PATHS = "$(inherited) @executable_path/Frameworks";
				PRODUCT_BUNDLE_IDENTIFIER = com.tarena.fastNews;
				PRODUCT_NAME = "$(TARGET_NAME)";
				PROVISIONING_PROFILE = "";
			};
			name = Release;
		};
		85AFE1561BA263DB00988851 /* Debug */ = {
			isa = XCBuildConfiguration;
			buildSettings = {
				BUNDLE_LOADER = "$(TEST_HOST)";
				FRAMEWORK_SEARCH_PATHS = (
					"$(SDKROOT)/Developer/Library/Frameworks",
					"$(inherited)",
				);
				GCC_PREPROCESSOR_DEFINITIONS = (
					"DEBUG=1",
					"$(inherited)",
				);
				INFOPLIST_FILE = "新闻速递Tests/Info.plist";
				LD_RUNPATH_SEARCH_PATHS = "$(inherited) @executable_path/Frameworks @loader_path/Frameworks";
				PRODUCT_NAME = "$(TARGET_NAME)";
				TEST_HOST = "$(BUILT_PRODUCTS_DIR)/新闻速递.app/新闻速递";
			};
			name = Debug;
		};
		85AFE1571BA263DB00988851 /* Release */ = {
			isa = XCBuildConfiguration;
			buildSettings = {
				BUNDLE_LOADER = "$(TEST_HOST)";
				FRAMEWORK_SEARCH_PATHS = (
					"$(SDKROOT)/Developer/Library/Frameworks",
					"$(inherited)",
				);
				INFOPLIST_FILE = "新闻速递Tests/Info.plist";
				LD_RUNPATH_SEARCH_PATHS = "$(inherited) @executable_path/Frameworks @loader_path/Frameworks";
				PRODUCT_NAME = "$(TARGET_NAME)";
				TEST_HOST = "$(BUILT_PRODUCTS_DIR)/新闻速递.app/新闻速递";
			};
			name = Release;
		};
/* End XCBuildConfiguration section */

/* Begin XCConfigurationList section */
		85AFE12A1BA263DB00988851 /* Build configuration list for PBXProject "新闻速递" */ = {
			isa = XCConfigurationList;
			buildConfigurations = (
				85AFE1501BA263DB00988851 /* Debug */,
				85AFE1511BA263DB00988851 /* Release */,
			);
			defaultConfigurationIsVisible = 0;
			defaultConfigurationName = Release;
		};
		85AFE1521BA263DB00988851 /* Build configuration list for PBXNativeTarget "新闻速递" */ = {
			isa = XCConfigurationList;
			buildConfigurations = (
				85AFE1531BA263DB00988851 /* Debug */,
				85AFE1541BA263DB00988851 /* Release */,
			);
			defaultConfigurationIsVisible = 0;
			defaultConfigurationName = Release;
		};
		85AFE1551BA263DB00988851 /* Build configuration list for PBXNativeTarget "新闻速递Tests" */ = {
			isa = XCConfigurationList;
			buildConfigurations = (
				85AFE1561BA263DB00988851 /* Debug */,
				85AFE1571BA263DB00988851 /* Release */,
			);
			defaultConfigurationIsVisible = 0;
			defaultConfigurationName = Release;
		};
/* End XCConfigurationList section */
	};
	rootObject = 85AFE1271BA263DB00988851 /* Project object */;
}
